
Microsoft Visual Studio Solution File, Format Version 12.00
# Visual Studio Version 16
VisualStudioVersion = 16.0.29215.179
MinimumVisualStudioVersion = 10.0.40219.1
Project("{2150E333-8FDC-42A3-9474-1A3956D46DE8}") = "src", "src", "{E5CC5DF3-1551-49F0-B308-B80143E7ABE0}"
EndProject
Project("{2150E333-8FDC-42A3-9474-1A3956D46DE8}") = "samples", "samples", "{99337274-FAB8-4358-81BB-3736EE2CCDE6}"
EndProject
Project("{2150E333-8FDC-42A3-9474-1A3956D46DE8}") = "tests", "tests", "{5915362C-8F1B-4574-92D4-BEF2B1968A17}"
EndProject
Project("{2150E333-8FDC-42A3-9474-1A3956D46DE8}") = "docs", "docs", "{3206DBB4-A417-4EEB-A216-4918AD56C9B5}"
	ProjectSection(SolutionItems) = preProject
		docs\GiG.Core.DistributedTracing.Web.md = docs\GiG.Core.DistributedTracing.Web.md
		docs\GiG.Core.HealthChecks.md = docs\GiG.Core.HealthChecks.md
		docs\GiG.Core.Hosting.md = docs\GiG.Core.Hosting.md
		docs\GiG.Core.Logging.All.md = docs\GiG.Core.Logging.All.md
		docs\GiG.Core.Logging.md = docs\GiG.Core.Logging.md
		docs\GiG.Core.MultiTenant.Web.md = docs\GiG.Core.MultiTenant.Web.md
		docs\GiG.Core.Web.FluentValidation.md = docs\GiG.Core.Web.FluentValidation.md
		docs\GiG.Core.Web.Hosting.md = docs\GiG.Core.Web.Hosting.md
		README.md = README.md
	EndProjectSection
EndProject
Project("{2150E333-8FDC-42A3-9474-1A3956D46DE8}") = "Solution Items", "Solution Items", "{AC01CBF6-BF4A-4F67-BCD6-CB0AC61D52A4}"
	ProjectSection(SolutionItems) = preProject
		.gitattributes = .gitattributes
		.gitignore = .gitignore
		Directory.Build.props = Directory.Build.props
		NuGet.Config = NuGet.Config
	EndProjectSection
EndProject
Project("{2150E333-8FDC-42A3-9474-1A3956D46DE8}") = "unit", "unit", "{01ED85ED-F3CF-4D12-B85F-ED8F8FEDECB6}"
EndProject
Project("{2150E333-8FDC-42A3-9474-1A3956D46DE8}") = "release-notes", "release-notes", "{6683488A-3D9A-4408-8DC2-DFA2E318A178}"
	ProjectSection(SolutionItems) = preProject
		release-notes\README.md = release-notes\README.md
	EndProjectSection
EndProject
Project("{9A19103F-16F7-4668-BE54-9A1E7A4F7556}") = "GiG.Core.Logging.Sample", "samples\GiG.Core.Logging.Sample\GiG.Core.Logging.Sample.csproj", "{25BFD54E-1985-48F5-88BD-0D52F3535284}"
EndProject
Project("{9A19103F-16F7-4668-BE54-9A1E7A4F7556}") = "GiG.Core.Logging", "src\GiG.Core.Logging\GiG.Core.Logging.csproj", "{76A8984C-9850-44E0-AB6E-4BC576ECAAA4}"
EndProject
Project("{2150E333-8FDC-42A3-9474-1A3956D46DE8}") = "2.0", "2.0", "{0305263F-4F1E-4C91-B90F-3F3268F69142}"
	ProjectSection(SolutionItems) = preProject
		release-notes\2.0\2.0.0.md = release-notes\2.0\2.0.0.md
	EndProjectSection
EndProject
Project("{9A19103F-16F7-4668-BE54-9A1E7A4F7556}") = "GiG.Core.Configuration", "src\GiG.Core.Configuration\GiG.Core.Configuration.csproj", "{CDCD9B6F-62E6-4F37-8758-24BD6C567D93}"
EndProject
Project("{2150E333-8FDC-42A3-9474-1A3956D46DE8}") = "GiG.Core.Web.Sample", "GiG.Core.Web.Sample", "{A599F81C-4703-4DA5-8748-729DCD42BED5}"
EndProject
Project("{2150E333-8FDC-42A3-9474-1A3956D46DE8}") = "integration", "integration", "{4E76F09A-698A-4CF7-8552-A662C93EF30C}"
EndProject
Project("{2150E333-8FDC-42A3-9474-1A3956D46DE8}") = "src", "src", "{6D384490-FFA2-4013-AD75-AD09E8346C14}"
EndProject
Project("{9A19103F-16F7-4668-BE54-9A1E7A4F7556}") = "GiG.Core.Configuration.Tests.Integration", "tests\integration\GiG.Core.Configuration.Tests.Integration\GiG.Core.Configuration.Tests.Integration.csproj", "{036F11C4-D05B-4E08-8B93-2B60C02E5837}"
EndProject
Project("{9A19103F-16F7-4668-BE54-9A1E7A4F7556}") = "GiG.Core.Web.Sample", "samples\GiG.Core.Web.Sample\src\GiG.Core.Web.Sample\GiG.Core.Web.Sample.csproj", "{C2E61B7C-1CC5-414E-A46C-9F8CE9919E80}"
EndProject
Project("{2150E333-8FDC-42A3-9474-1A3956D46DE8}") = "tests", "tests", "{3F693F27-9C78-4824-A4A5-81622F9E551B}"
EndProject
Project("{2150E333-8FDC-42A3-9474-1A3956D46DE8}") = "component", "component", "{73E3D18B-ABA8-469D-BB19-5C87F607E3CF}"
EndProject
Project("{9A19103F-16F7-4668-BE54-9A1E7A4F7556}") = "GiG.Core.Web.Sample.Tests.Component", "samples\GiG.Core.Web.Sample\tests\component\GiG.Core.Web.Sample.Tests.Component\GiG.Core.Web.Sample.Tests.Component.csproj", "{72FFFFCF-7748-416B-8084-0F1906F6EE4D}"
EndProject
Project("{E53339B2-1760-4266-BCC7-CA923CBCF16C}") = "docker-compose", "docker-compose.dcproj", "{3F673C64-3C05-45DB-9256-C085025BA286}"
EndProject
Project("{9A19103F-16F7-4668-BE54-9A1E7A4F7556}") = "GiG.Core.DistributedTracing.Abstractions", "src\GiG.Core.DistributedTracing.Abstractions\GiG.Core.DistributedTracing.Abstractions.csproj", "{BE594F54-E2A3-4B26-9D1F-54758CB7F2C0}"
EndProject
Project("{9A19103F-16F7-4668-BE54-9A1E7A4F7556}") = "GiG.Core.DistributedTracing.Web", "src\GiG.Core.DistributedTracing.Web\GiG.Core.DistributedTracing.Web.csproj", "{CBF3F986-453A-47B2-8AC9-173A7933D7C5}"
EndProject
Project("{9A19103F-16F7-4668-BE54-9A1E7A4F7556}") = "GiG.Core.DistributedTracing.Web.Tests.Integration", "tests\integration\GiG.Core.DistributedTracing.Web.Tests.Integration\GiG.Core.DistributedTracing.Web.Tests.Integration.csproj", "{BFD7DBD0-E549-4652-AEBD-F33F6279C059}"
EndProject
Project("{9A19103F-16F7-4668-BE54-9A1E7A4F7556}") = "GiG.Core.Logging.Enrichers.ApplicationMetadata", "src\GiG.Core.Logging.Enrichers.ApplicationMetadata\GiG.Core.Logging.Enrichers.ApplicationMetadata.csproj", "{3097BFFD-7910-4953-B506-7DBB606DA22A}"
EndProject
Project("{9A19103F-16F7-4668-BE54-9A1E7A4F7556}") = "GiG.Core.Logging.Enrichers.DistributedTracing", "src\GiG.Core.Logging.Enrichers.DistributedTracing\GiG.Core.Logging.Enrichers.DistributedTracing.csproj", "{CD7B94AE-8519-4080-8B92-094B6E7562E3}"
EndProject
Project("{9A19103F-16F7-4668-BE54-9A1E7A4F7556}") = "GiG.Core.Logging.Abstractions", "src\GiG.Core.Logging.Abstractions\GiG.Core.Logging.Abstractions.csproj", "{10A41C72-335A-41CF-93F1-197C9031E9FF}"
EndProject
Project("{9A19103F-16F7-4668-BE54-9A1E7A4F7556}") = "GiG.Core.Logging.Sinks.Console", "src\GiG.Core.Logging.Sinks.Console\GiG.Core.Logging.Sinks.Console.csproj", "{C0474C00-0063-4E3C-8611-528D9B64AC71}"
EndProject
Project("{9A19103F-16F7-4668-BE54-9A1E7A4F7556}") = "GiG.Core.Logging.Sinks.Fluentd", "src\GiG.Core.Logging.Sinks.Fluentd\GiG.Core.Logging.Sinks.Fluentd.csproj", "{58325500-DD6C-4D2D-AE55-26F7FE00C5F7}"
EndProject
Project("{9A19103F-16F7-4668-BE54-9A1E7A4F7556}") = "GiG.Core.Logging.All", "src\GiG.Core.Logging.All\GiG.Core.Logging.All.csproj", "{F75A75DE-3013-4221-8E19-7ADD023C9B26}"
EndProject
Project("{2150E333-8FDC-42A3-9474-1A3956D46DE8}") = "Logging", "Logging", "{52AEF79F-C056-404A-9AC9-155CE8A17721}"
EndProject
Project("{2150E333-8FDC-42A3-9474-1A3956D46DE8}") = "Configuration", "Configuration", "{3DD07011-F314-4CDD-854E-A9D75721DEE9}"
EndProject
Project("{2150E333-8FDC-42A3-9474-1A3956D46DE8}") = "DistributedTracing", "DistributedTracing", "{F3E4EB54-9129-4327-9A32-89ABD4ADA6C5}"
EndProject
Project("{2150E333-8FDC-42A3-9474-1A3956D46DE8}") = "HealthChecks", "HealthChecks", "{64FBDA2C-D499-4EE1-AAA9-DFF1BCF8C465}"
EndProject
Project("{9A19103F-16F7-4668-BE54-9A1E7A4F7556}") = "GiG.Core.HealthChecks.Abstractions", "src\GiG.Core.HealthChecks.Abstractions\GiG.Core.HealthChecks.Abstractions.csproj", "{B86F1CDD-8DB2-43FA-A353-7247DDCD7621}"
EndProject
Project("{9A19103F-16F7-4668-BE54-9A1E7A4F7556}") = "GiG.Core.HealthChecks", "src\GiG.Core.HealthChecks\GiG.Core.HealthChecks.csproj", "{93E66CCE-628A-4307-93EC-56B6A770DE07}"
EndProject
Project("{9A19103F-16F7-4668-BE54-9A1E7A4F7556}") = "GiG.Core.HealthChecks.Tests.Integration", "tests\integration\GiG.Core.HealthChecks.Tests.Integration\GiG.Core.HealthChecks.Tests.Integration.csproj", "{54B0628A-D303-4AB9-9DB8-047B91CCE4F4}"
EndProject
Project("{2150E333-8FDC-42A3-9474-1A3956D46DE8}") = "Web", "Web", "{D4C1B3D4-A75F-4D7F-8BD3-39FDE1B444DF}"
EndProject
Project("{9A19103F-16F7-4668-BE54-9A1E7A4F7556}") = "GiG.Core.Web.FluentValidation", "src\GiG.Core.Web.FluentValidation\GiG.Core.Web.FluentValidation.csproj", "{5BD0BBDE-DFF8-4B85-8AF3-49240856FC8F}"
EndProject
Project("{9A19103F-16F7-4668-BE54-9A1E7A4F7556}") = "GiG.Core.Web.FluentValidation.Tests.Integration", "tests\integration\GiG.Core.Web.FluentValidation.Tests.Integration\GiG.Core.Web.FluentValidation.Tests.Integration.csproj", "{38967D6D-E40C-479D-A83B-F391D239DA1E}"
EndProject
Project("{2150E333-8FDC-42A3-9474-1A3956D46DE8}") = "Hosting", "Hosting", "{436A5A62-C050-463F-B691-F56B9A76366E}"
EndProject
Project("{9A19103F-16F7-4668-BE54-9A1E7A4F7556}") = "GiG.Core.Hosting", "src\GiG.Core.Hosting\GiG.Core.Hosting.csproj", "{274DA110-6BE4-4595-9450-5D42E442A0A0}"
EndProject
Project("{9A19103F-16F7-4668-BE54-9A1E7A4F7556}") = "GiG.Core.Hosting.Abstractions", "src\GiG.Core.Hosting.Abstractions\GiG.Core.Hosting.Abstractions.csproj", "{792D51E1-D061-4896-B3A2-37A7D4BD5B40}"
EndProject
Project("{2150E333-8FDC-42A3-9474-1A3956D46DE8}") = "MultiTenant", "MultiTenant", "{04D48832-835B-406A-86AA-8A7232ECA58C}"
EndProject
Project("{9A19103F-16F7-4668-BE54-9A1E7A4F7556}") = "GiG.Core.MultiTenant.Abstractions", "src\GiG.Core.MultiTenant.Abstractions\GiG.Core.MultiTenant.Abstractions.csproj", "{C2271DA9-0A0C-465F-B20B-73BDE3BEBF9B}"
EndProject
Project("{9A19103F-16F7-4668-BE54-9A1E7A4F7556}") = "GiG.Core.Hosting.Tests.Integration", "tests\integration\GiG.Core.Hosting.Tests.Integration\GiG.Core.Hosting.Tests.Integration.csproj", "{6085C7C2-3E42-4A73-A0AF-5DF5EB637F9C}"
EndProject
Project("{2150E333-8FDC-42A3-9474-1A3956D46DE8}") = "Orleans", "Orleans", "{8372654D-18DE-4EB4-A40E-C231A5A4EFCB}"
EndProject
Project("{2150E333-8FDC-42A3-9474-1A3956D46DE8}") = "HelloWorld", "HelloWorld", "{CACA90E1-CDBD-4E44-8AC0-70A11CF17229}"
EndProject
Project("{9A19103F-16F7-4668-BE54-9A1E7A4F7556}") = "GiG.Core.Orleans.Sample.HelloWorld.Silo", "samples\Orleans\HelloWorld\GiG.Core.Orleans.HelloWorld.Silo.Sample\GiG.Core.Orleans.Sample.HelloWorld.Silo.csproj", "{F769F08E-A8AF-48D5-86C6-5021CAF181FD}"
EndProject
Project("{2150E333-8FDC-42A3-9474-1A3956D46DE8}") = "Orleans", "Orleans", "{8047E8B5-4505-49E7-8C01-5C5FCB7B5681}"
EndProject
Project("{9A19103F-16F7-4668-BE54-9A1E7A4F7556}") = "GiG.Core.Orleans.Abstractions", "src\GiG.Core.Orleans.Abstractions\GiG.Core.Orleans.Abstractions.csproj", "{DA6E4705-1ADB-4058-A667-30D9062D27F7}"
EndProject
Project("{9A19103F-16F7-4668-BE54-9A1E7A4F7556}") = "GiG.Core.Orleans.Hosting", "src\GiG.Core.Orleans.Hosting\GiG.Core.Orleans.Hosting.csproj", "{DE0CD413-1938-465C-9B41-1FCA33364749}"
EndProject
Project("{9A19103F-16F7-4668-BE54-9A1E7A4F7556}") = "GiG.Core.Web.Hosting", "src\GiG.Core.Web.Hosting\GiG.Core.Web.Hosting.csproj", "{EAF75BF4-7854-46BC-87A7-89D793079002}"
EndProject
Project("{9A19103F-16F7-4668-BE54-9A1E7A4F7556}") = "GiG.Core.Orleans.Client", "src\GiG.Core.Orleans.Client\GiG.Core.Orleans.Client.csproj", "{1A662BC0-8C36-4C5A-8D64-DC3116604680}"
EndProject
Project("{9A19103F-16F7-4668-BE54-9A1E7A4F7556}") = "GiG.Core.Web.Hosting.Tests.Integration", "tests\integration\GiG.Core.Web.Hosting.Tests.Integration\GiG.Core.Web.Hosting.Tests.Integration.csproj", "{C165BA59-A14C-479C-A02D-B2C7FB4FD974}"
EndProject
Project("{9A19103F-16F7-4668-BE54-9A1E7A4F7556}") = "GiG.Core.Orleans.Sample.HelloWorld.Contracts", "samples\Orleans\HelloWorld\GiG.Core.Orleans.Sample.HelloWorld.Contracts\GiG.Core.Orleans.Sample.HelloWorld.Contracts.csproj", "{FA4F08DC-D01F-477D-B9E3-6B132C824A42}"
EndProject
Project("{9A19103F-16F7-4668-BE54-9A1E7A4F7556}") = "GiG.Core.Orleans.Samples.HelloWorld.Grains", "samples\Orleans\HelloWorld\GiG.Core.Orleans.Samples.HelloWorld.Grains\GiG.Core.Orleans.Samples.HelloWorld.Grains.csproj", "{C6263534-61EB-45DC-9251-1E6FBB904EB4}"
EndProject
Project("{9A19103F-16F7-4668-BE54-9A1E7A4F7556}") = "GiG.Core.MultiTenant.Web", "src\GiG.Core.MultiTenant.Web\GiG.Core.MultiTenant.Web.csproj", "{DE3308C0-BFC3-4C7F-A461-190A4F2C87C3}"
EndProject
Project("{9A19103F-16F7-4668-BE54-9A1E7A4F7556}") = "GiG.Core.MultiTenant.Web.Tests.Integration", "tests\integration\GiG.Core.MultiTenant.Tests.Integration\GiG.Core.MultiTenant.Web.Tests.Integration.csproj", "{415BBEEB-7DFE-48A3-8F93-97933C2D4A2B}"
EndProject
Project("{2150E333-8FDC-42A3-9474-1A3956D46DE8}") = "Data", "Data", "{67BE7389-1D15-4ACE-B8B9-AFC18E263115}"
EndProject
Project("{9A19103F-16F7-4668-BE54-9A1E7A4F7556}") = "GiG.Core.Data.Migration.Abstractions", "src\GiG.Core.Data.Migration.Abstractions\GiG.Core.Data.Migration.Abstractions.csproj", "{2CE568A2-0023-4353-976A-5E18A57E8341}"
EndProject
Project("{9A19103F-16F7-4668-BE54-9A1E7A4F7556}") = "GiG.Core.Data.Migration", "src\GiG.Core.Data.Migration\GiG.Core.Data.Migration.csproj", "{3C9700B7-A126-4A5F-AF14-7C47E45942E3}"
EndProject
Project("{9A19103F-16F7-4668-BE54-9A1E7A4F7556}") = "GiG.Core.Data.Migration.Sample", "samples\GiG.Core.Data.Migration.Sample\GiG.Core.Data.Migration.Sample.csproj", "{DB6625CD-E173-448D-BC11-8055B6872C7F}"
EndProject
Project("{9A19103F-16F7-4668-BE54-9A1E7A4F7556}") = "GiG.Core.Data.Migration.Tests.Integration", "tests\integration\GiG.Core.Data.Migration.Tests.Integration\GiG.Core.Data.Migration.Tests.Integration.csproj", "{0006A1AE-12D4-44D7-95B5-20B9FF863302}"
EndProject
Global
	GlobalSection(SolutionConfigurationPlatforms) = preSolution
		Debug|Any CPU = Debug|Any CPU
		Release|Any CPU = Release|Any CPU
	EndGlobalSection
	GlobalSection(ProjectConfigurationPlatforms) = postSolution
		{25BFD54E-1985-48F5-88BD-0D52F3535284}.Debug|Any CPU.ActiveCfg = Debug|Any CPU
		{25BFD54E-1985-48F5-88BD-0D52F3535284}.Debug|Any CPU.Build.0 = Debug|Any CPU
		{25BFD54E-1985-48F5-88BD-0D52F3535284}.Release|Any CPU.ActiveCfg = Release|Any CPU
		{25BFD54E-1985-48F5-88BD-0D52F3535284}.Release|Any CPU.Build.0 = Release|Any CPU
		{76A8984C-9850-44E0-AB6E-4BC576ECAAA4}.Debug|Any CPU.ActiveCfg = Debug|Any CPU
		{76A8984C-9850-44E0-AB6E-4BC576ECAAA4}.Debug|Any CPU.Build.0 = Debug|Any CPU
		{76A8984C-9850-44E0-AB6E-4BC576ECAAA4}.Release|Any CPU.ActiveCfg = Release|Any CPU
		{76A8984C-9850-44E0-AB6E-4BC576ECAAA4}.Release|Any CPU.Build.0 = Release|Any CPU
		{CDCD9B6F-62E6-4F37-8758-24BD6C567D93}.Debug|Any CPU.ActiveCfg = Debug|Any CPU
		{CDCD9B6F-62E6-4F37-8758-24BD6C567D93}.Debug|Any CPU.Build.0 = Debug|Any CPU
		{CDCD9B6F-62E6-4F37-8758-24BD6C567D93}.Release|Any CPU.ActiveCfg = Release|Any CPU
		{CDCD9B6F-62E6-4F37-8758-24BD6C567D93}.Release|Any CPU.Build.0 = Release|Any CPU
		{036F11C4-D05B-4E08-8B93-2B60C02E5837}.Debug|Any CPU.ActiveCfg = Debug|Any CPU
		{036F11C4-D05B-4E08-8B93-2B60C02E5837}.Debug|Any CPU.Build.0 = Debug|Any CPU
		{036F11C4-D05B-4E08-8B93-2B60C02E5837}.Release|Any CPU.ActiveCfg = Release|Any CPU
		{036F11C4-D05B-4E08-8B93-2B60C02E5837}.Release|Any CPU.Build.0 = Release|Any CPU
		{C2E61B7C-1CC5-414E-A46C-9F8CE9919E80}.Debug|Any CPU.ActiveCfg = Debug|Any CPU
		{C2E61B7C-1CC5-414E-A46C-9F8CE9919E80}.Debug|Any CPU.Build.0 = Debug|Any CPU
		{C2E61B7C-1CC5-414E-A46C-9F8CE9919E80}.Release|Any CPU.ActiveCfg = Release|Any CPU
		{C2E61B7C-1CC5-414E-A46C-9F8CE9919E80}.Release|Any CPU.Build.0 = Release|Any CPU
		{72FFFFCF-7748-416B-8084-0F1906F6EE4D}.Debug|Any CPU.ActiveCfg = Debug|Any CPU
		{72FFFFCF-7748-416B-8084-0F1906F6EE4D}.Debug|Any CPU.Build.0 = Debug|Any CPU
		{72FFFFCF-7748-416B-8084-0F1906F6EE4D}.Release|Any CPU.ActiveCfg = Release|Any CPU
		{72FFFFCF-7748-416B-8084-0F1906F6EE4D}.Release|Any CPU.Build.0 = Release|Any CPU
		{3F673C64-3C05-45DB-9256-C085025BA286}.Debug|Any CPU.ActiveCfg = Debug|Any CPU
		{3F673C64-3C05-45DB-9256-C085025BA286}.Debug|Any CPU.Build.0 = Debug|Any CPU
		{3F673C64-3C05-45DB-9256-C085025BA286}.Release|Any CPU.ActiveCfg = Release|Any CPU
		{3F673C64-3C05-45DB-9256-C085025BA286}.Release|Any CPU.Build.0 = Release|Any CPU
		{BE594F54-E2A3-4B26-9D1F-54758CB7F2C0}.Debug|Any CPU.ActiveCfg = Debug|Any CPU
		{BE594F54-E2A3-4B26-9D1F-54758CB7F2C0}.Debug|Any CPU.Build.0 = Debug|Any CPU
		{BE594F54-E2A3-4B26-9D1F-54758CB7F2C0}.Release|Any CPU.ActiveCfg = Release|Any CPU
		{BE594F54-E2A3-4B26-9D1F-54758CB7F2C0}.Release|Any CPU.Build.0 = Release|Any CPU
		{CBF3F986-453A-47B2-8AC9-173A7933D7C5}.Debug|Any CPU.ActiveCfg = Debug|Any CPU
		{CBF3F986-453A-47B2-8AC9-173A7933D7C5}.Debug|Any CPU.Build.0 = Debug|Any CPU
		{CBF3F986-453A-47B2-8AC9-173A7933D7C5}.Release|Any CPU.ActiveCfg = Release|Any CPU
		{CBF3F986-453A-47B2-8AC9-173A7933D7C5}.Release|Any CPU.Build.0 = Release|Any CPU
		{BFD7DBD0-E549-4652-AEBD-F33F6279C059}.Debug|Any CPU.ActiveCfg = Debug|Any CPU
		{BFD7DBD0-E549-4652-AEBD-F33F6279C059}.Debug|Any CPU.Build.0 = Debug|Any CPU
		{BFD7DBD0-E549-4652-AEBD-F33F6279C059}.Release|Any CPU.ActiveCfg = Release|Any CPU
		{BFD7DBD0-E549-4652-AEBD-F33F6279C059}.Release|Any CPU.Build.0 = Release|Any CPU
		{3097BFFD-7910-4953-B506-7DBB606DA22A}.Debug|Any CPU.ActiveCfg = Debug|Any CPU
		{3097BFFD-7910-4953-B506-7DBB606DA22A}.Debug|Any CPU.Build.0 = Debug|Any CPU
		{3097BFFD-7910-4953-B506-7DBB606DA22A}.Release|Any CPU.ActiveCfg = Release|Any CPU
		{3097BFFD-7910-4953-B506-7DBB606DA22A}.Release|Any CPU.Build.0 = Release|Any CPU
		{CD7B94AE-8519-4080-8B92-094B6E7562E3}.Debug|Any CPU.ActiveCfg = Debug|Any CPU
		{CD7B94AE-8519-4080-8B92-094B6E7562E3}.Debug|Any CPU.Build.0 = Debug|Any CPU
		{CD7B94AE-8519-4080-8B92-094B6E7562E3}.Release|Any CPU.ActiveCfg = Release|Any CPU
		{CD7B94AE-8519-4080-8B92-094B6E7562E3}.Release|Any CPU.Build.0 = Release|Any CPU
		{10A41C72-335A-41CF-93F1-197C9031E9FF}.Debug|Any CPU.ActiveCfg = Debug|Any CPU
		{10A41C72-335A-41CF-93F1-197C9031E9FF}.Debug|Any CPU.Build.0 = Debug|Any CPU
		{10A41C72-335A-41CF-93F1-197C9031E9FF}.Release|Any CPU.ActiveCfg = Release|Any CPU
		{10A41C72-335A-41CF-93F1-197C9031E9FF}.Release|Any CPU.Build.0 = Release|Any CPU
		{C0474C00-0063-4E3C-8611-528D9B64AC71}.Debug|Any CPU.ActiveCfg = Debug|Any CPU
		{C0474C00-0063-4E3C-8611-528D9B64AC71}.Debug|Any CPU.Build.0 = Debug|Any CPU
		{C0474C00-0063-4E3C-8611-528D9B64AC71}.Release|Any CPU.ActiveCfg = Release|Any CPU
		{C0474C00-0063-4E3C-8611-528D9B64AC71}.Release|Any CPU.Build.0 = Release|Any CPU
		{58325500-DD6C-4D2D-AE55-26F7FE00C5F7}.Debug|Any CPU.ActiveCfg = Debug|Any CPU
		{58325500-DD6C-4D2D-AE55-26F7FE00C5F7}.Debug|Any CPU.Build.0 = Debug|Any CPU
		{58325500-DD6C-4D2D-AE55-26F7FE00C5F7}.Release|Any CPU.ActiveCfg = Release|Any CPU
		{58325500-DD6C-4D2D-AE55-26F7FE00C5F7}.Release|Any CPU.Build.0 = Release|Any CPU
		{F75A75DE-3013-4221-8E19-7ADD023C9B26}.Debug|Any CPU.ActiveCfg = Debug|Any CPU
		{F75A75DE-3013-4221-8E19-7ADD023C9B26}.Debug|Any CPU.Build.0 = Debug|Any CPU
		{F75A75DE-3013-4221-8E19-7ADD023C9B26}.Release|Any CPU.ActiveCfg = Release|Any CPU
		{F75A75DE-3013-4221-8E19-7ADD023C9B26}.Release|Any CPU.Build.0 = Release|Any CPU
		{B86F1CDD-8DB2-43FA-A353-7247DDCD7621}.Debug|Any CPU.ActiveCfg = Debug|Any CPU
		{B86F1CDD-8DB2-43FA-A353-7247DDCD7621}.Debug|Any CPU.Build.0 = Debug|Any CPU
		{B86F1CDD-8DB2-43FA-A353-7247DDCD7621}.Release|Any CPU.ActiveCfg = Release|Any CPU
		{B86F1CDD-8DB2-43FA-A353-7247DDCD7621}.Release|Any CPU.Build.0 = Release|Any CPU
		{93E66CCE-628A-4307-93EC-56B6A770DE07}.Debug|Any CPU.ActiveCfg = Debug|Any CPU
		{93E66CCE-628A-4307-93EC-56B6A770DE07}.Debug|Any CPU.Build.0 = Debug|Any CPU
		{93E66CCE-628A-4307-93EC-56B6A770DE07}.Release|Any CPU.ActiveCfg = Release|Any CPU
		{93E66CCE-628A-4307-93EC-56B6A770DE07}.Release|Any CPU.Build.0 = Release|Any CPU
		{54B0628A-D303-4AB9-9DB8-047B91CCE4F4}.Debug|Any CPU.ActiveCfg = Debug|Any CPU
		{54B0628A-D303-4AB9-9DB8-047B91CCE4F4}.Debug|Any CPU.Build.0 = Debug|Any CPU
		{54B0628A-D303-4AB9-9DB8-047B91CCE4F4}.Release|Any CPU.ActiveCfg = Release|Any CPU
		{54B0628A-D303-4AB9-9DB8-047B91CCE4F4}.Release|Any CPU.Build.0 = Release|Any CPU
		{5BD0BBDE-DFF8-4B85-8AF3-49240856FC8F}.Debug|Any CPU.ActiveCfg = Debug|Any CPU
		{5BD0BBDE-DFF8-4B85-8AF3-49240856FC8F}.Debug|Any CPU.Build.0 = Debug|Any CPU
		{5BD0BBDE-DFF8-4B85-8AF3-49240856FC8F}.Release|Any CPU.ActiveCfg = Release|Any CPU
		{5BD0BBDE-DFF8-4B85-8AF3-49240856FC8F}.Release|Any CPU.Build.0 = Release|Any CPU
		{38967D6D-E40C-479D-A83B-F391D239DA1E}.Debug|Any CPU.ActiveCfg = Debug|Any CPU
		{38967D6D-E40C-479D-A83B-F391D239DA1E}.Debug|Any CPU.Build.0 = Debug|Any CPU
		{38967D6D-E40C-479D-A83B-F391D239DA1E}.Release|Any CPU.ActiveCfg = Release|Any CPU
		{38967D6D-E40C-479D-A83B-F391D239DA1E}.Release|Any CPU.Build.0 = Release|Any CPU
		{274DA110-6BE4-4595-9450-5D42E442A0A0}.Debug|Any CPU.ActiveCfg = Debug|Any CPU
		{274DA110-6BE4-4595-9450-5D42E442A0A0}.Debug|Any CPU.Build.0 = Debug|Any CPU
		{274DA110-6BE4-4595-9450-5D42E442A0A0}.Release|Any CPU.ActiveCfg = Release|Any CPU
		{274DA110-6BE4-4595-9450-5D42E442A0A0}.Release|Any CPU.Build.0 = Release|Any CPU
		{792D51E1-D061-4896-B3A2-37A7D4BD5B40}.Debug|Any CPU.ActiveCfg = Debug|Any CPU
		{792D51E1-D061-4896-B3A2-37A7D4BD5B40}.Debug|Any CPU.Build.0 = Debug|Any CPU
		{792D51E1-D061-4896-B3A2-37A7D4BD5B40}.Release|Any CPU.ActiveCfg = Release|Any CPU
		{792D51E1-D061-4896-B3A2-37A7D4BD5B40}.Release|Any CPU.Build.0 = Release|Any CPU
		{C2271DA9-0A0C-465F-B20B-73BDE3BEBF9B}.Debug|Any CPU.ActiveCfg = Debug|Any CPU
		{C2271DA9-0A0C-465F-B20B-73BDE3BEBF9B}.Debug|Any CPU.Build.0 = Debug|Any CPU
		{C2271DA9-0A0C-465F-B20B-73BDE3BEBF9B}.Release|Any CPU.ActiveCfg = Release|Any CPU
		{C2271DA9-0A0C-465F-B20B-73BDE3BEBF9B}.Release|Any CPU.Build.0 = Release|Any CPU
		{6085C7C2-3E42-4A73-A0AF-5DF5EB637F9C}.Debug|Any CPU.ActiveCfg = Debug|Any CPU
		{6085C7C2-3E42-4A73-A0AF-5DF5EB637F9C}.Debug|Any CPU.Build.0 = Debug|Any CPU
		{6085C7C2-3E42-4A73-A0AF-5DF5EB637F9C}.Release|Any CPU.ActiveCfg = Release|Any CPU
		{6085C7C2-3E42-4A73-A0AF-5DF5EB637F9C}.Release|Any CPU.Build.0 = Release|Any CPU
		{F769F08E-A8AF-48D5-86C6-5021CAF181FD}.Debug|Any CPU.ActiveCfg = Debug|Any CPU
		{F769F08E-A8AF-48D5-86C6-5021CAF181FD}.Debug|Any CPU.Build.0 = Debug|Any CPU
		{F769F08E-A8AF-48D5-86C6-5021CAF181FD}.Release|Any CPU.ActiveCfg = Release|Any CPU
		{F769F08E-A8AF-48D5-86C6-5021CAF181FD}.Release|Any CPU.Build.0 = Release|Any CPU
		{DA6E4705-1ADB-4058-A667-30D9062D27F7}.Debug|Any CPU.ActiveCfg = Debug|Any CPU
		{DA6E4705-1ADB-4058-A667-30D9062D27F7}.Debug|Any CPU.Build.0 = Debug|Any CPU
		{DA6E4705-1ADB-4058-A667-30D9062D27F7}.Release|Any CPU.ActiveCfg = Release|Any CPU
		{DA6E4705-1ADB-4058-A667-30D9062D27F7}.Release|Any CPU.Build.0 = Release|Any CPU
		{DE0CD413-1938-465C-9B41-1FCA33364749}.Debug|Any CPU.ActiveCfg = Debug|Any CPU
		{DE0CD413-1938-465C-9B41-1FCA33364749}.Debug|Any CPU.Build.0 = Debug|Any CPU
		{DE0CD413-1938-465C-9B41-1FCA33364749}.Release|Any CPU.ActiveCfg = Release|Any CPU
		{DE0CD413-1938-465C-9B41-1FCA33364749}.Release|Any CPU.Build.0 = Release|Any CPU
		{EAF75BF4-7854-46BC-87A7-89D793079002}.Debug|Any CPU.ActiveCfg = Debug|Any CPU
		{EAF75BF4-7854-46BC-87A7-89D793079002}.Debug|Any CPU.Build.0 = Debug|Any CPU
		{EAF75BF4-7854-46BC-87A7-89D793079002}.Release|Any CPU.ActiveCfg = Release|Any CPU
		{EAF75BF4-7854-46BC-87A7-89D793079002}.Release|Any CPU.Build.0 = Release|Any CPU
		{1A662BC0-8C36-4C5A-8D64-DC3116604680}.Debug|Any CPU.ActiveCfg = Debug|Any CPU
		{1A662BC0-8C36-4C5A-8D64-DC3116604680}.Debug|Any CPU.Build.0 = Debug|Any CPU
		{1A662BC0-8C36-4C5A-8D64-DC3116604680}.Release|Any CPU.ActiveCfg = Release|Any CPU
		{1A662BC0-8C36-4C5A-8D64-DC3116604680}.Release|Any CPU.Build.0 = Release|Any CPU
		{C165BA59-A14C-479C-A02D-B2C7FB4FD974}.Debug|Any CPU.ActiveCfg = Debug|Any CPU
		{C165BA59-A14C-479C-A02D-B2C7FB4FD974}.Debug|Any CPU.Build.0 = Debug|Any CPU
		{C165BA59-A14C-479C-A02D-B2C7FB4FD974}.Release|Any CPU.ActiveCfg = Release|Any CPU
		{C165BA59-A14C-479C-A02D-B2C7FB4FD974}.Release|Any CPU.Build.0 = Release|Any CPU
		{FA4F08DC-D01F-477D-B9E3-6B132C824A42}.Debug|Any CPU.ActiveCfg = Debug|Any CPU
		{FA4F08DC-D01F-477D-B9E3-6B132C824A42}.Debug|Any CPU.Build.0 = Debug|Any CPU
		{FA4F08DC-D01F-477D-B9E3-6B132C824A42}.Release|Any CPU.ActiveCfg = Release|Any CPU
		{FA4F08DC-D01F-477D-B9E3-6B132C824A42}.Release|Any CPU.Build.0 = Release|Any CPU
		{C6263534-61EB-45DC-9251-1E6FBB904EB4}.Debug|Any CPU.ActiveCfg = Debug|Any CPU
		{C6263534-61EB-45DC-9251-1E6FBB904EB4}.Debug|Any CPU.Build.0 = Debug|Any CPU
		{C6263534-61EB-45DC-9251-1E6FBB904EB4}.Release|Any CPU.ActiveCfg = Release|Any CPU
		{C6263534-61EB-45DC-9251-1E6FBB904EB4}.Release|Any CPU.Build.0 = Release|Any CPU
		{DE3308C0-BFC3-4C7F-A461-190A4F2C87C3}.Debug|Any CPU.ActiveCfg = Debug|Any CPU
		{DE3308C0-BFC3-4C7F-A461-190A4F2C87C3}.Debug|Any CPU.Build.0 = Debug|Any CPU
		{DE3308C0-BFC3-4C7F-A461-190A4F2C87C3}.Release|Any CPU.ActiveCfg = Release|Any CPU
		{DE3308C0-BFC3-4C7F-A461-190A4F2C87C3}.Release|Any CPU.Build.0 = Release|Any CPU
		{415BBEEB-7DFE-48A3-8F93-97933C2D4A2B}.Debug|Any CPU.ActiveCfg = Debug|Any CPU
		{415BBEEB-7DFE-48A3-8F93-97933C2D4A2B}.Debug|Any CPU.Build.0 = Debug|Any CPU
		{415BBEEB-7DFE-48A3-8F93-97933C2D4A2B}.Release|Any CPU.ActiveCfg = Release|Any CPU
		{415BBEEB-7DFE-48A3-8F93-97933C2D4A2B}.Release|Any CPU.Build.0 = Release|Any CPU
		{2CE568A2-0023-4353-976A-5E18A57E8341}.Debug|Any CPU.ActiveCfg = Debug|Any CPU
		{2CE568A2-0023-4353-976A-5E18A57E8341}.Debug|Any CPU.Build.0 = Debug|Any CPU
		{2CE568A2-0023-4353-976A-5E18A57E8341}.Release|Any CPU.ActiveCfg = Release|Any CPU
		{2CE568A2-0023-4353-976A-5E18A57E8341}.Release|Any CPU.Build.0 = Release|Any CPU
		{3C9700B7-A126-4A5F-AF14-7C47E45942E3}.Debug|Any CPU.ActiveCfg = Debug|Any CPU
		{3C9700B7-A126-4A5F-AF14-7C47E45942E3}.Debug|Any CPU.Build.0 = Debug|Any CPU
		{3C9700B7-A126-4A5F-AF14-7C47E45942E3}.Release|Any CPU.ActiveCfg = Release|Any CPU
		{3C9700B7-A126-4A5F-AF14-7C47E45942E3}.Release|Any CPU.Build.0 = Release|Any CPU
		{DB6625CD-E173-448D-BC11-8055B6872C7F}.Debug|Any CPU.ActiveCfg = Debug|Any CPU
		{DB6625CD-E173-448D-BC11-8055B6872C7F}.Debug|Any CPU.Build.0 = Debug|Any CPU
		{DB6625CD-E173-448D-BC11-8055B6872C7F}.Release|Any CPU.ActiveCfg = Release|Any CPU
		{DB6625CD-E173-448D-BC11-8055B6872C7F}.Release|Any CPU.Build.0 = Release|Any CPU
		{0006A1AE-12D4-44D7-95B5-20B9FF863302}.Debug|Any CPU.ActiveCfg = Debug|Any CPU
		{0006A1AE-12D4-44D7-95B5-20B9FF863302}.Debug|Any CPU.Build.0 = Debug|Any CPU
		{0006A1AE-12D4-44D7-95B5-20B9FF863302}.Release|Any CPU.ActiveCfg = Release|Any CPU
		{0006A1AE-12D4-44D7-95B5-20B9FF863302}.Release|Any CPU.Build.0 = Release|Any CPU
	EndGlobalSection
	GlobalSection(SolutionProperties) = preSolution
		HideSolutionNode = FALSE
	EndGlobalSection
	GlobalSection(NestedProjects) = preSolution
		{01ED85ED-F3CF-4D12-B85F-ED8F8FEDECB6} = {5915362C-8F1B-4574-92D4-BEF2B1968A17}
		{25BFD54E-1985-48F5-88BD-0D52F3535284} = {99337274-FAB8-4358-81BB-3736EE2CCDE6}
		{76A8984C-9850-44E0-AB6E-4BC576ECAAA4} = {52AEF79F-C056-404A-9AC9-155CE8A17721}
		{0305263F-4F1E-4C91-B90F-3F3268F69142} = {6683488A-3D9A-4408-8DC2-DFA2E318A178}
		{CDCD9B6F-62E6-4F37-8758-24BD6C567D93} = {3DD07011-F314-4CDD-854E-A9D75721DEE9}
		{A599F81C-4703-4DA5-8748-729DCD42BED5} = {99337274-FAB8-4358-81BB-3736EE2CCDE6}
		{4E76F09A-698A-4CF7-8552-A662C93EF30C} = {5915362C-8F1B-4574-92D4-BEF2B1968A17}
		{6D384490-FFA2-4013-AD75-AD09E8346C14} = {A599F81C-4703-4DA5-8748-729DCD42BED5}
		{036F11C4-D05B-4E08-8B93-2B60C02E5837} = {4E76F09A-698A-4CF7-8552-A662C93EF30C}
		{C2E61B7C-1CC5-414E-A46C-9F8CE9919E80} = {6D384490-FFA2-4013-AD75-AD09E8346C14}
		{3F693F27-9C78-4824-A4A5-81622F9E551B} = {A599F81C-4703-4DA5-8748-729DCD42BED5}
		{73E3D18B-ABA8-469D-BB19-5C87F607E3CF} = {3F693F27-9C78-4824-A4A5-81622F9E551B}
		{72FFFFCF-7748-416B-8084-0F1906F6EE4D} = {73E3D18B-ABA8-469D-BB19-5C87F607E3CF}
		{BE594F54-E2A3-4B26-9D1F-54758CB7F2C0} = {F3E4EB54-9129-4327-9A32-89ABD4ADA6C5}
		{CBF3F986-453A-47B2-8AC9-173A7933D7C5} = {F3E4EB54-9129-4327-9A32-89ABD4ADA6C5}
		{BFD7DBD0-E549-4652-AEBD-F33F6279C059} = {4E76F09A-698A-4CF7-8552-A662C93EF30C}
		{3097BFFD-7910-4953-B506-7DBB606DA22A} = {52AEF79F-C056-404A-9AC9-155CE8A17721}
		{CD7B94AE-8519-4080-8B92-094B6E7562E3} = {52AEF79F-C056-404A-9AC9-155CE8A17721}
		{10A41C72-335A-41CF-93F1-197C9031E9FF} = {52AEF79F-C056-404A-9AC9-155CE8A17721}
		{C0474C00-0063-4E3C-8611-528D9B64AC71} = {52AEF79F-C056-404A-9AC9-155CE8A17721}
		{58325500-DD6C-4D2D-AE55-26F7FE00C5F7} = {52AEF79F-C056-404A-9AC9-155CE8A17721}
		{F75A75DE-3013-4221-8E19-7ADD023C9B26} = {52AEF79F-C056-404A-9AC9-155CE8A17721}
		{52AEF79F-C056-404A-9AC9-155CE8A17721} = {E5CC5DF3-1551-49F0-B308-B80143E7ABE0}
		{3DD07011-F314-4CDD-854E-A9D75721DEE9} = {E5CC5DF3-1551-49F0-B308-B80143E7ABE0}
		{F3E4EB54-9129-4327-9A32-89ABD4ADA6C5} = {E5CC5DF3-1551-49F0-B308-B80143E7ABE0}
		{64FBDA2C-D499-4EE1-AAA9-DFF1BCF8C465} = {E5CC5DF3-1551-49F0-B308-B80143E7ABE0}
		{B86F1CDD-8DB2-43FA-A353-7247DDCD7621} = {64FBDA2C-D499-4EE1-AAA9-DFF1BCF8C465}
		{93E66CCE-628A-4307-93EC-56B6A770DE07} = {64FBDA2C-D499-4EE1-AAA9-DFF1BCF8C465}
		{54B0628A-D303-4AB9-9DB8-047B91CCE4F4} = {4E76F09A-698A-4CF7-8552-A662C93EF30C}
		{D4C1B3D4-A75F-4D7F-8BD3-39FDE1B444DF} = {E5CC5DF3-1551-49F0-B308-B80143E7ABE0}
		{5BD0BBDE-DFF8-4B85-8AF3-49240856FC8F} = {D4C1B3D4-A75F-4D7F-8BD3-39FDE1B444DF}
		{38967D6D-E40C-479D-A83B-F391D239DA1E} = {4E76F09A-698A-4CF7-8552-A662C93EF30C}
		{436A5A62-C050-463F-B691-F56B9A76366E} = {E5CC5DF3-1551-49F0-B308-B80143E7ABE0}
		{274DA110-6BE4-4595-9450-5D42E442A0A0} = {436A5A62-C050-463F-B691-F56B9A76366E}
		{792D51E1-D061-4896-B3A2-37A7D4BD5B40} = {436A5A62-C050-463F-B691-F56B9A76366E}
		{04D48832-835B-406A-86AA-8A7232ECA58C} = {E5CC5DF3-1551-49F0-B308-B80143E7ABE0}
		{C2271DA9-0A0C-465F-B20B-73BDE3BEBF9B} = {04D48832-835B-406A-86AA-8A7232ECA58C}
		{6085C7C2-3E42-4A73-A0AF-5DF5EB637F9C} = {4E76F09A-698A-4CF7-8552-A662C93EF30C}
		{8372654D-18DE-4EB4-A40E-C231A5A4EFCB} = {99337274-FAB8-4358-81BB-3736EE2CCDE6}
		{CACA90E1-CDBD-4E44-8AC0-70A11CF17229} = {8372654D-18DE-4EB4-A40E-C231A5A4EFCB}
		{F769F08E-A8AF-48D5-86C6-5021CAF181FD} = {CACA90E1-CDBD-4E44-8AC0-70A11CF17229}
		{8047E8B5-4505-49E7-8C01-5C5FCB7B5681} = {E5CC5DF3-1551-49F0-B308-B80143E7ABE0}
		{DA6E4705-1ADB-4058-A667-30D9062D27F7} = {8047E8B5-4505-49E7-8C01-5C5FCB7B5681}
		{DE0CD413-1938-465C-9B41-1FCA33364749} = {8047E8B5-4505-49E7-8C01-5C5FCB7B5681}
		{EAF75BF4-7854-46BC-87A7-89D793079002} = {D4C1B3D4-A75F-4D7F-8BD3-39FDE1B444DF}
		{1A662BC0-8C36-4C5A-8D64-DC3116604680} = {8047E8B5-4505-49E7-8C01-5C5FCB7B5681}
		{C165BA59-A14C-479C-A02D-B2C7FB4FD974} = {4E76F09A-698A-4CF7-8552-A662C93EF30C}
		{FA4F08DC-D01F-477D-B9E3-6B132C824A42} = {CACA90E1-CDBD-4E44-8AC0-70A11CF17229}
		{C6263534-61EB-45DC-9251-1E6FBB904EB4} = {CACA90E1-CDBD-4E44-8AC0-70A11CF17229}
		{DE3308C0-BFC3-4C7F-A461-190A4F2C87C3} = {04D48832-835B-406A-86AA-8A7232ECA58C}
		{415BBEEB-7DFE-48A3-8F93-97933C2D4A2B} = {4E76F09A-698A-4CF7-8552-A662C93EF30C}
		{67BE7389-1D15-4ACE-B8B9-AFC18E263115} = {E5CC5DF3-1551-49F0-B308-B80143E7ABE0}
		{2CE568A2-0023-4353-976A-5E18A57E8341} = {67BE7389-1D15-4ACE-B8B9-AFC18E263115}
		{3C9700B7-A126-4A5F-AF14-7C47E45942E3} = {67BE7389-1D15-4ACE-B8B9-AFC18E263115}
		{DB6625CD-E173-448D-BC11-8055B6872C7F} = {99337274-FAB8-4358-81BB-3736EE2CCDE6}
		{0006A1AE-12D4-44D7-95B5-20B9FF863302} = {4E76F09A-698A-4CF7-8552-A662C93EF30C}
	EndGlobalSection
	GlobalSection(ExtensibilityGlobals) = postSolution
		SolutionGuid = {0A1D7674-6D93-4A13-929B-2C95E28C8C38}
	EndGlobalSection
EndGlobal
