
Microsoft Visual Studio Solution File, Format Version 12.00
# Visual Studio Version 16
VisualStudioVersion = 16.0.29215.179
MinimumVisualStudioVersion = 10.0.40219.1
Project("{2150E333-8FDC-42A3-9474-1A3956D46DE8}") = "src", "src", "{E5CC5DF3-1551-49F0-B308-B80143E7ABE0}"
EndProject
Project("{2150E333-8FDC-42A3-9474-1A3956D46DE8}") = "samples", "samples", "{99337274-FAB8-4358-81BB-3736EE2CCDE6}"
EndProject
Project("{2150E333-8FDC-42A3-9474-1A3956D46DE8}") = "tests", "tests", "{5915362C-8F1B-4574-92D4-BEF2B1968A17}"
EndProject
Project("{2150E333-8FDC-42A3-9474-1A3956D46DE8}") = "docs", "docs", "{3206DBB4-A417-4EEB-A216-4918AD56C9B5}"
	ProjectSection(SolutionItems) = preProject
		docs\GiG.Core.Configuration.md = docs\GiG.Core.Configuration.md
		docs\GiG.Core.Context.Orleans.md = docs\GiG.Core.Context.Orleans.md
		docs\GiG.Core.Context.Web.md = docs\GiG.Core.Context.Web.md
		docs\GiG.Core.Data.Migration.md = docs\GiG.Core.Data.Migration.md
		docs\GiG.Core.DistributedTracing.Orleans.md = docs\GiG.Core.DistributedTracing.Orleans.md
		docs\GiG.Core.DistributedTracing.Web.md = docs\GiG.Core.DistributedTracing.Web.md
		docs\GiG.Core.HealthChecks.md = docs\GiG.Core.HealthChecks.md
		docs\GiG.Core.Hosting.md = docs\GiG.Core.Hosting.md
		docs\GiG.Core.Http.DistributedTracing.md = docs\GiG.Core.Http.DistributedTracing.md
		docs\GiG.Core.Http.md = docs\GiG.Core.Http.md
		docs\GiG.Core.Http.MultiTenant.md = docs\GiG.Core.Http.MultiTenant.md
		docs\GiG.Core.Logging.All.md = docs\GiG.Core.Logging.All.md
		docs\GiG.Core.Logging.Enrichers.ApplicationMetadata.md = docs\GiG.Core.Logging.Enrichers.ApplicationMetadata.md
		docs\GiG.Core.Logging.Enrichers.Context.md = docs\GiG.Core.Logging.Enrichers.Context.md
		docs\GiG.Core.Logging.Enrichers.DistributedTracing.md = docs\GiG.Core.Logging.Enrichers.DistributedTracing.md
		docs\GiG.Core.Logging.Enrichers.MultiTenant.md = docs\GiG.Core.Logging.Enrichers.MultiTenant.md
		docs\GiG.Core.Logging.md = docs\GiG.Core.Logging.md
		docs\GiG.Core.MultiTenant.Web.md = docs\GiG.Core.MultiTenant.Web.md
		docs\GiG.Core.Orleans.Client.md = docs\GiG.Core.Orleans.Client.md
		docs\GiG.Core.Orleans.Clustering.Consul.md = docs\GiG.Core.Orleans.Clustering.Consul.md
		docs\GiG.Core.Orleans.Clustering.Kubernetes.md = docs\GiG.Core.Orleans.Clustering.Kubernetes.md
		docs\GiG.Core.Orleans.Clustering.md = docs\GiG.Core.Orleans.Clustering.md
		docs\GiG.Core.Orleans.Silo.md = docs\GiG.Core.Orleans.Silo.md
		docs\GiG.Core.Orleans.Storage.Npgsql.md = docs\GiG.Core.Orleans.Storage.Npgsql.md
		docs\GiG.Core.Orleans.Streams.Kafka.md = docs\GiG.Core.Orleans.Streams.Kafka.md
		docs\GiG.Core.Orleans.Streams.md = docs\GiG.Core.Orleans.Streams.md
		docs\GiG.Core.Web.Docs.md = docs\GiG.Core.Web.Docs.md
		docs\GiG.Core.Web.FluentValidation.md = docs\GiG.Core.Web.FluentValidation.md
		docs\GiG.Core.Web.Hosting.md = docs\GiG.Core.Web.Hosting.md
		README.md = README.md
	EndProjectSection
EndProject
Project("{2150E333-8FDC-42A3-9474-1A3956D46DE8}") = "Solution Items", "Solution Items", "{AC01CBF6-BF4A-4F67-BCD6-CB0AC61D52A4}"
	ProjectSection(SolutionItems) = preProject
		.dockerignore = .dockerignore
		.gitattributes = .gitattributes
		.gitignore = .gitignore
		Directory.Build.props = Directory.Build.props
		Dockerfile = Dockerfile
		gig-core.png = gig-core.png
		NuGet.Config = NuGet.Config
	EndProjectSection
EndProject
Project("{2150E333-8FDC-42A3-9474-1A3956D46DE8}") = "unit", "unit", "{01ED85ED-F3CF-4D12-B85F-ED8F8FEDECB6}"
EndProject
Project("{2150E333-8FDC-42A3-9474-1A3956D46DE8}") = "release-notes", "release-notes", "{6683488A-3D9A-4408-8DC2-DFA2E318A178}"
	ProjectSection(SolutionItems) = preProject
		release-notes\README.md = release-notes\README.md
	EndProjectSection
EndProject
Project("{9A19103F-16F7-4668-BE54-9A1E7A4F7556}") = "GiG.Core.Logging.Sample", "samples\Logging\src\GiG.Core.Logging.Sample\GiG.Core.Logging.Sample.csproj", "{25BFD54E-1985-48F5-88BD-0D52F3535284}"
EndProject
Project("{9A19103F-16F7-4668-BE54-9A1E7A4F7556}") = "GiG.Core.Logging", "src\GiG.Core.Logging\GiG.Core.Logging.csproj", "{76A8984C-9850-44E0-AB6E-4BC576ECAAA4}"
EndProject
Project("{2150E333-8FDC-42A3-9474-1A3956D46DE8}") = "2.0", "2.0", "{0305263F-4F1E-4C91-B90F-3F3268F69142}"
	ProjectSection(SolutionItems) = preProject
		release-notes\2.0\2.0.0.md = release-notes\2.0\2.0.0.md
	EndProjectSection
EndProject
Project("{9A19103F-16F7-4668-BE54-9A1E7A4F7556}") = "GiG.Core.Configuration", "src\GiG.Core.Configuration\GiG.Core.Configuration.csproj", "{CDCD9B6F-62E6-4F37-8758-24BD6C567D93}"
EndProject
Project("{2150E333-8FDC-42A3-9474-1A3956D46DE8}") = "integration", "integration", "{4E76F09A-698A-4CF7-8552-A662C93EF30C}"
EndProject
Project("{9A19103F-16F7-4668-BE54-9A1E7A4F7556}") = "GiG.Core.Configuration.Tests.Integration", "tests\integration\GiG.Core.Configuration.Tests.Integration\GiG.Core.Configuration.Tests.Integration.csproj", "{036F11C4-D05B-4E08-8B93-2B60C02E5837}"
EndProject
Project("{9A19103F-16F7-4668-BE54-9A1E7A4F7556}") = "GiG.Core.Web.Sample", "samples\Web\src\GiG.Core.Web.Sample\GiG.Core.Web.Sample.csproj", "{C2E61B7C-1CC5-414E-A46C-9F8CE9919E80}"
EndProject
Project("{2150E333-8FDC-42A3-9474-1A3956D46DE8}") = "component", "component", "{73E3D18B-ABA8-469D-BB19-5C87F607E3CF}"
EndProject
Project("{9A19103F-16F7-4668-BE54-9A1E7A4F7556}") = "GiG.Core.Web.Sample.Tests.Component", "samples\Web\tests\component\GiG.Core.Web.Sample.Tests.Component\GiG.Core.Web.Sample.Tests.Component.csproj", "{72FFFFCF-7748-416B-8084-0F1906F6EE4D}"
EndProject
Project("{E53339B2-1760-4266-BCC7-CA923CBCF16C}") = "docker-compose", "docker\docker-compose.dcproj", "{3F673C64-3C05-45DB-9256-C085025BA286}"
EndProject
Project("{9A19103F-16F7-4668-BE54-9A1E7A4F7556}") = "GiG.Core.DistributedTracing.Abstractions", "src\GiG.Core.DistributedTracing.Abstractions\GiG.Core.DistributedTracing.Abstractions.csproj", "{BE594F54-E2A3-4B26-9D1F-54758CB7F2C0}"
EndProject
Project("{9A19103F-16F7-4668-BE54-9A1E7A4F7556}") = "GiG.Core.DistributedTracing.Web", "src\GiG.Core.DistributedTracing.Web\GiG.Core.DistributedTracing.Web.csproj", "{CBF3F986-453A-47B2-8AC9-173A7933D7C5}"
EndProject
Project("{9A19103F-16F7-4668-BE54-9A1E7A4F7556}") = "GiG.Core.DistributedTracing.Web.Tests.Integration", "tests\integration\GiG.Core.DistributedTracing.Web.Tests.Integration\GiG.Core.DistributedTracing.Web.Tests.Integration.csproj", "{BFD7DBD0-E549-4652-AEBD-F33F6279C059}"
EndProject
Project("{9A19103F-16F7-4668-BE54-9A1E7A4F7556}") = "GiG.Core.Logging.Enrichers.ApplicationMetadata", "src\GiG.Core.Logging.Enrichers.ApplicationMetadata\GiG.Core.Logging.Enrichers.ApplicationMetadata.csproj", "{3097BFFD-7910-4953-B506-7DBB606DA22A}"
EndProject
Project("{9A19103F-16F7-4668-BE54-9A1E7A4F7556}") = "GiG.Core.Logging.Enrichers.DistributedTracing", "src\GiG.Core.Logging.Enrichers.DistributedTracing\GiG.Core.Logging.Enrichers.DistributedTracing.csproj", "{CD7B94AE-8519-4080-8B92-094B6E7562E3}"
EndProject
Project("{9A19103F-16F7-4668-BE54-9A1E7A4F7556}") = "GiG.Core.Logging.Abstractions", "src\GiG.Core.Logging.Abstractions\GiG.Core.Logging.Abstractions.csproj", "{10A41C72-335A-41CF-93F1-197C9031E9FF}"
EndProject
Project("{9A19103F-16F7-4668-BE54-9A1E7A4F7556}") = "GiG.Core.Logging.Sinks.Console", "src\GiG.Core.Logging.Sinks.Console\GiG.Core.Logging.Sinks.Console.csproj", "{C0474C00-0063-4E3C-8611-528D9B64AC71}"
EndProject
Project("{9A19103F-16F7-4668-BE54-9A1E7A4F7556}") = "GiG.Core.Logging.Sinks.Fluentd", "src\GiG.Core.Logging.Sinks.Fluentd\GiG.Core.Logging.Sinks.Fluentd.csproj", "{58325500-DD6C-4D2D-AE55-26F7FE00C5F7}"
EndProject
Project("{9A19103F-16F7-4668-BE54-9A1E7A4F7556}") = "GiG.Core.Logging.All", "src\GiG.Core.Logging.All\GiG.Core.Logging.All.csproj", "{F75A75DE-3013-4221-8E19-7ADD023C9B26}"
EndProject
Project("{2150E333-8FDC-42A3-9474-1A3956D46DE8}") = "Logging", "Logging", "{52AEF79F-C056-404A-9AC9-155CE8A17721}"
EndProject
Project("{2150E333-8FDC-42A3-9474-1A3956D46DE8}") = "Configuration", "Configuration", "{3DD07011-F314-4CDD-854E-A9D75721DEE9}"
EndProject
Project("{2150E333-8FDC-42A3-9474-1A3956D46DE8}") = "DistributedTracing", "DistributedTracing", "{F3E4EB54-9129-4327-9A32-89ABD4ADA6C5}"
EndProject
Project("{2150E333-8FDC-42A3-9474-1A3956D46DE8}") = "HealthChecks", "HealthChecks", "{64FBDA2C-D499-4EE1-AAA9-DFF1BCF8C465}"
EndProject
Project("{9A19103F-16F7-4668-BE54-9A1E7A4F7556}") = "GiG.Core.HealthChecks.Abstractions", "src\GiG.Core.HealthChecks.Abstractions\GiG.Core.HealthChecks.Abstractions.csproj", "{B86F1CDD-8DB2-43FA-A353-7247DDCD7621}"
EndProject
Project("{9A19103F-16F7-4668-BE54-9A1E7A4F7556}") = "GiG.Core.HealthChecks", "src\GiG.Core.HealthChecks\GiG.Core.HealthChecks.csproj", "{93E66CCE-628A-4307-93EC-56B6A770DE07}"
EndProject
Project("{9A19103F-16F7-4668-BE54-9A1E7A4F7556}") = "GiG.Core.HealthChecks.Tests.Integration", "tests\integration\GiG.Core.HealthChecks.Tests.Integration\GiG.Core.HealthChecks.Tests.Integration.csproj", "{54B0628A-D303-4AB9-9DB8-047B91CCE4F4}"
EndProject
Project("{2150E333-8FDC-42A3-9474-1A3956D46DE8}") = "Web", "Web", "{D4C1B3D4-A75F-4D7F-8BD3-39FDE1B444DF}"
EndProject
Project("{9A19103F-16F7-4668-BE54-9A1E7A4F7556}") = "GiG.Core.Web.FluentValidation", "src\GiG.Core.Web.FluentValidation\GiG.Core.Web.FluentValidation.csproj", "{5BD0BBDE-DFF8-4B85-8AF3-49240856FC8F}"
EndProject
Project("{9A19103F-16F7-4668-BE54-9A1E7A4F7556}") = "GiG.Core.Web.FluentValidation.Tests.Integration", "tests\integration\GiG.Core.Web.FluentValidation.Tests.Integration\GiG.Core.Web.FluentValidation.Tests.Integration.csproj", "{38967D6D-E40C-479D-A83B-F391D239DA1E}"
EndProject
Project("{2150E333-8FDC-42A3-9474-1A3956D46DE8}") = "Hosting", "Hosting", "{436A5A62-C050-463F-B691-F56B9A76366E}"
EndProject
Project("{9A19103F-16F7-4668-BE54-9A1E7A4F7556}") = "GiG.Core.Hosting", "src\GiG.Core.Hosting\GiG.Core.Hosting.csproj", "{274DA110-6BE4-4595-9450-5D42E442A0A0}"
EndProject
Project("{9A19103F-16F7-4668-BE54-9A1E7A4F7556}") = "GiG.Core.Hosting.Abstractions", "src\GiG.Core.Hosting.Abstractions\GiG.Core.Hosting.Abstractions.csproj", "{792D51E1-D061-4896-B3A2-37A7D4BD5B40}"
EndProject
Project("{2150E333-8FDC-42A3-9474-1A3956D46DE8}") = "MultiTenant", "MultiTenant", "{04D48832-835B-406A-86AA-8A7232ECA58C}"
EndProject
Project("{9A19103F-16F7-4668-BE54-9A1E7A4F7556}") = "GiG.Core.MultiTenant.Abstractions", "src\GiG.Core.MultiTenant.Abstractions\GiG.Core.MultiTenant.Abstractions.csproj", "{C2271DA9-0A0C-465F-B20B-73BDE3BEBF9B}"
EndProject
Project("{9A19103F-16F7-4668-BE54-9A1E7A4F7556}") = "GiG.Core.Hosting.Tests.Integration", "tests\integration\GiG.Core.Hosting.Tests.Integration\GiG.Core.Hosting.Tests.Integration.csproj", "{6085C7C2-3E42-4A73-A0AF-5DF5EB637F9C}"
EndProject
Project("{2150E333-8FDC-42A3-9474-1A3956D46DE8}") = "Orleans", "Orleans", "{8372654D-18DE-4EB4-A40E-C231A5A4EFCB}"
EndProject
Project("{2150E333-8FDC-42A3-9474-1A3956D46DE8}") = "Orleans", "Orleans", "{8047E8B5-4505-49E7-8C01-5C5FCB7B5681}"
EndProject
Project("{9A19103F-16F7-4668-BE54-9A1E7A4F7556}") = "GiG.Core.Orleans.Silo", "src\GiG.Core.Orleans.Silo\GiG.Core.Orleans.Silo.csproj", "{DE0CD413-1938-465C-9B41-1FCA33364749}"
EndProject
Project("{9A19103F-16F7-4668-BE54-9A1E7A4F7556}") = "GiG.Core.Web.Hosting", "src\GiG.Core.Web.Hosting\GiG.Core.Web.Hosting.csproj", "{EAF75BF4-7854-46BC-87A7-89D793079002}"
EndProject
Project("{9A19103F-16F7-4668-BE54-9A1E7A4F7556}") = "GiG.Core.Orleans.Client", "src\GiG.Core.Orleans.Client\GiG.Core.Orleans.Client.csproj", "{1A662BC0-8C36-4C5A-8D64-DC3116604680}"
EndProject
Project("{9A19103F-16F7-4668-BE54-9A1E7A4F7556}") = "GiG.Core.Web.Hosting.Tests.Integration", "tests\integration\GiG.Core.Web.Hosting.Tests.Integration\GiG.Core.Web.Hosting.Tests.Integration.csproj", "{C165BA59-A14C-479C-A02D-B2C7FB4FD974}"
EndProject
Project("{9A19103F-16F7-4668-BE54-9A1E7A4F7556}") = "GiG.Core.MultiTenant.Web", "src\GiG.Core.MultiTenant.Web\GiG.Core.MultiTenant.Web.csproj", "{DE3308C0-BFC3-4C7F-A461-190A4F2C87C3}"
EndProject
Project("{9A19103F-16F7-4668-BE54-9A1E7A4F7556}") = "GiG.Core.MultiTenant.Web.Tests.Integration", "tests\integration\GiG.Core.MultiTenant.Tests.Integration\GiG.Core.MultiTenant.Web.Tests.Integration.csproj", "{415BBEEB-7DFE-48A3-8F93-97933C2D4A2B}"
EndProject
Project("{9A19103F-16F7-4668-BE54-9A1E7A4F7556}") = "GiG.Core.Web.Docs", "src\GiG.Core.Web.Docs\GiG.Core.Web.Docs.csproj", "{29F99B37-6245-4155-A034-88F14ED95222}"
EndProject
Project("{9A19103F-16F7-4668-BE54-9A1E7A4F7556}") = "GiG.Core.Orleans.Sample.Silo", "samples\Orleans\src\GiG.Core.Orleans.Sample.Silo\GiG.Core.Orleans.Sample.Silo.csproj", "{B6AE4865-8329-456D-BA9A-467390C1C0CF}"
EndProject
Project("{9A19103F-16F7-4668-BE54-9A1E7A4F7556}") = "GiG.Core.Orleans.Sample.Grains", "samples\Orleans\src\GiG.Core.Orleans.Sample.Grains\GiG.Core.Orleans.Sample.Grains.csproj", "{1BCFBAFE-6040-4C0A-97FF-204FCB4897D9}"
EndProject
Project("{9A19103F-16F7-4668-BE54-9A1E7A4F7556}") = "GiG.Core.Orleans.Sample.Contracts", "samples\Orleans\src\GiG.Core.Orleans.Sample.Contracts\GiG.Core.Orleans.Sample.Contracts.csproj", "{D1F12F82-214B-4A0F-824C-27812420816A}"
EndProject
Project("{9A19103F-16F7-4668-BE54-9A1E7A4F7556}") = "GiG.Core.Orleans.Sample.Web", "samples\Orleans\src\GiG.Core.Orleans.Sample.Web\GiG.Core.Orleans.Sample.Web.csproj", "{2FBF58FA-C38B-443C-B6D5-A9AEAF5A6F28}"
EndProject
Project("{2150E333-8FDC-42A3-9474-1A3956D46DE8}") = "Web", "Web", "{C2B7D247-99EF-454C-B6A9-D96DF2379F19}"
EndProject
Project("{2150E333-8FDC-42A3-9474-1A3956D46DE8}") = "Logging", "Logging", "{E3EB22BA-0E13-4508-B5C5-45601B83C2FC}"
EndProject
Project("{2150E333-8FDC-42A3-9474-1A3956D46DE8}") = "Data", "Data", "{412AB606-A56E-4B9E-A9C1-E2C7E02D0CF5}"
EndProject
Project("{9A19103F-16F7-4668-BE54-9A1E7A4F7556}") = "GiG.Core.Data.Migration.Abstractions", "src\GiG.Core.Data.Migration.Abstractions\GiG.Core.Data.Migration.Abstractions.csproj", "{F5BAE09F-8F05-4875-AC5F-2E18A225E28D}"
EndProject
Project("{2150E333-8FDC-42A3-9474-1A3956D46DE8}") = "Data", "Data", "{F7101BD9-8900-4A3C-BA85-0548DA6508BD}"
EndProject
Project("{9A19103F-16F7-4668-BE54-9A1E7A4F7556}") = "GiG.Core.Data.Migration.Sample", "samples\Data\src\GiG.Core.Data.Migration.Sample\GiG.Core.Data.Migration.Sample.csproj", "{F30DE898-0D09-433F-9129-080EE013D199}"
EndProject
Project("{9A19103F-16F7-4668-BE54-9A1E7A4F7556}") = "GiG.Core.Data.Migration.Tests.Integration", "tests\integration\GiG.Core.Data.Migration.Tests.Integration\GiG.Core.Data.Migration.Tests.Integration.csproj", "{F2DAE340-50D3-4A7D-AE2C-EF6D88EE8779}"
EndProject
Project("{9A19103F-16F7-4668-BE54-9A1E7A4F7556}") = "GiG.Core.Orleans.Clustering.Consul", "src\GiG.Core.Orleans.Clustering.Consul\GiG.Core.Orleans.Clustering.Consul.csproj", "{8862DFE3-F0FE-4D23-B722-BDE8B83EB303}"
EndProject
Project("{2150E333-8FDC-42A3-9474-1A3956D46DE8}") = "docker", "docker", "{212B73B8-7EE1-4550-8D14-F62D9DFB87C6}"
EndProject
Project("{2150E333-8FDC-42A3-9474-1A3956D46DE8}") = "src", "src", "{088A9253-942E-4C4E-9A2A-1C5B51BEAC83}"
EndProject
Project("{2150E333-8FDC-42A3-9474-1A3956D46DE8}") = "tests", "tests", "{BF9C05FB-34AE-483F-A013-96D7F9E58192}"
EndProject
Project("{2150E333-8FDC-42A3-9474-1A3956D46DE8}") = "src", "src", "{71DDFE2F-32B9-483D-BA5F-E8E86924EBDC}"
EndProject
Project("{2150E333-8FDC-42A3-9474-1A3956D46DE8}") = "tests", "tests", "{7F77E6B8-8149-4F46-919F-5CC0F82DFD4A}"
EndProject
Project("{2150E333-8FDC-42A3-9474-1A3956D46DE8}") = "src", "src", "{2AFB4E5D-843D-4DE4-A151-772FC6978A2F}"
EndProject
Project("{2150E333-8FDC-42A3-9474-1A3956D46DE8}") = "tests", "tests", "{54BD3C2B-B197-47EC-92C2-CC3EF5940ECF}"
EndProject
Project("{2150E333-8FDC-42A3-9474-1A3956D46DE8}") = "src", "src", "{697F21BC-B236-478E-A860-A5CF10502219}"
EndProject
Project("{2150E333-8FDC-42A3-9474-1A3956D46DE8}") = "tests", "tests", "{807ECA6E-BD91-4F04-B213-C500DF38DA43}"
EndProject
Project("{9A19103F-16F7-4668-BE54-9A1E7A4F7556}") = "GiG.Core.Data.Migration.Evolve", "src\GiG.Core.Data.Migration.Evolve\GiG.Core.Data.Migration.Evolve.csproj", "{FC62647F-B5A2-4972-9073-AA35FF870BCB}"
EndProject
Project("{9A19103F-16F7-4668-BE54-9A1E7A4F7556}") = "GiG.Core.DistributedTracing.Orleans", "src\GiG.Core.DistributedTracing.Orleans\GiG.Core.DistributedTracing.Orleans.csproj", "{20E3D378-C095-4FE0-838C-907C561F19E6}"
EndProject
Project("{9A19103F-16F7-4668-BE54-9A1E7A4F7556}") = "GiG.Core.Orleans.Tests.Integration", "tests\integration\GiG.Core.Orleans.Tests.Integration\GiG.Core.Orleans.Tests.Integration.csproj", "{A9F9FA7F-8352-44D3-A37A-88C8311C75CC}"
EndProject
Project("{2150E333-8FDC-42A3-9474-1A3956D46DE8}") = "Context", "Context", "{F61B8500-FA18-43A7-B637-379735C0B141}"
EndProject
Project("{9A19103F-16F7-4668-BE54-9A1E7A4F7556}") = "GiG.Core.Orleans.Clustering.Kubernetes", "src\GiG.Core.Orleans.Clustering.Kubernetes\GiG.Core.Orleans.Clustering.Kubernetes.csproj", "{FF83F7BD-376A-496B-A303-8E3FB18AB2C3}"
EndProject
Project("{9A19103F-16F7-4668-BE54-9A1E7A4F7556}") = "GiG.Core.Context.Abstractions", "src\GiG.Core.Context.Abstractions\GiG.Core.Context.Abstractions.csproj", "{0E03308E-7EFA-466C-8B32-9564DEB6CAEC}"
EndProject
Project("{9A19103F-16F7-4668-BE54-9A1E7A4F7556}") = "GiG.Core.Context.Web", "src\GiG.Core.Context.Web\GiG.Core.Context.Web.csproj", "{86DF999D-7494-4A8D-B95B-EC3E0A2F5566}"
EndProject
Project("{9A19103F-16F7-4668-BE54-9A1E7A4F7556}") = "GiG.Core.Logging.Enrichers.Context", "src\GiG.Core.Logging.Enrichers.Context\GiG.Core.Logging.Enrichers.Context.csproj", "{6FDCCBF7-A517-41B4-9CD2-E8075F9C35B3}"
EndProject
Project("{9A19103F-16F7-4668-BE54-9A1E7A4F7556}") = "GiG.Core.Context.Orleans", "src\GiG.Core.Context.Orleans\GiG.Core.Context.Orleans.csproj", "{A5699BCD-9096-4FC9-8C25-5D01A408E482}"
EndProject
Project("{9A19103F-16F7-4668-BE54-9A1E7A4F7556}") = "GiG.Core.Context.Web.Tests.Integration", "tests\integration\GiG.Core.Context.Web.Tests.Integration\GiG.Core.Context.Web.Tests.Integration.csproj", "{839C397E-CAAB-44B3-8D99-B48130224403}"
EndProject
Project("{2150E333-8FDC-42A3-9474-1A3956D46DE8}") = "performance", "performance", "{02CB77CD-EBE1-4978-A920-15F20270A28F}"
	ProjectSection(SolutionItems) = preProject
		samples\Web\tests\performance\GiG.Core.Web.Sample.Baseline.jmx = samples\Web\tests\performance\GiG.Core.Web.Sample.Baseline.jmx
	EndProjectSection
EndProject
Project("{9A19103F-16F7-4668-BE54-9A1E7A4F7556}") = "GiG.Core.Logging.Enrichers.MultiTenant", "src\GiG.Core.Logging.Enrichers.MultiTenant\GiG.Core.Logging.Enrichers.MultiTenant.csproj", "{1FA4249C-7CAF-4844-9E29-B1D81E91860A}"
EndProject
Project("{2150E333-8FDC-42A3-9474-1A3956D46DE8}") = "performance", "performance", "{66468249-0BE3-4E03-A5B8-DE350CA051EE}"
EndProject
Project("{9A19103F-16F7-4668-BE54-9A1E7A4F7556}") = "GiG.Core.Benchmarks", "tests\benchmarks\GiG.Core.Benchmarks\GiG.Core.Benchmarks.csproj", "{43EBE64C-94E1-4C17-A015-399A957331AC}"
EndProject
Project("{2150E333-8FDC-42A3-9474-1A3956D46DE8}") = "benchmarks", "benchmarks", "{8A64AE64-5734-41A3-9D3A-B6F2B0248ECE}"
EndProject
Project("{9A19103F-16F7-4668-BE54-9A1E7A4F7556}") = "GiG.Core.Orleans.Clustering", "src\GiG.Core.Orleans.Clustering\GiG.Core.Orleans.Clustering.csproj", "{5FF2C36A-9641-48E5-A138-65B0A8785070}"
EndProject
Project("{9A19103F-16F7-4668-BE54-9A1E7A4F7556}") = "GiG.Core.Orleans.Storage.Npgsql", "src\GiG.Core.Orleans.Storage.Npgsql\GiG.Core.Orleans.Storage.Npgsql.csproj", "{40A0EEC4-72CA-486B-AE1F-E49B4EFE76F4}"
EndProject
Project("{9A19103F-16F7-4668-BE54-9A1E7A4F7556}") = "GiG.Core.Orleans.Storage.Npgsql.Tests.Integration", "tests\integration\GiG.Core.Orleans.Storage.Npgsql.Tests.Integration\GiG.Core.Orleans.Storage.Npgsql.Tests.Integration.csproj", "{46F4003E-6603-4DF8-A9DB-4694C77AD656}"
EndProject
Project("{2150E333-8FDC-42A3-9474-1A3956D46DE8}") = "Http", "Http", "{663B3F62-62DA-4B0D-81CA-156013D0C93C}"
EndProject
Project("{9A19103F-16F7-4668-BE54-9A1E7A4F7556}") = "GiG.Core.Http", "src\GiG.Core.Http\GiG.Core.Http.csproj", "{2C90E3BF-202F-4184-B2E0-1D6997E16B6D}"
EndProject
Project("{9A19103F-16F7-4668-BE54-9A1E7A4F7556}") = "GiG.Core.Http.Tests.Integration", "tests\integration\GiG.Core.Http.Tests.Integration\GiG.Core.Http.Tests.Integration.csproj", "{E1C737F2-6A34-4E0D-97D5-397A51598755}"
EndProject
Project("{9A19103F-16F7-4668-BE54-9A1E7A4F7556}") = "GiG.Core.Http.DistributedTracing", "src\GiG.Core.Http.DistributedTracing\GiG.Core.Http.DistributedTracing.csproj", "{1ACB0572-7B79-46E4-8D86-C849637E97BF}"
EndProject
Project("{9A19103F-16F7-4668-BE54-9A1E7A4F7556}") = "GiG.Core.Http.MultiTenant", "src\GiG.Core.Http.MultiTenant\GiG.Core.Http.MultiTenant.csproj", "{C7A2FA4B-3CD7-41DB-8CF3-E1875B18A015}"
EndProject
Project("{9A19103F-16F7-4668-BE54-9A1E7A4F7556}") = "GiG.Core.Orleans.Sample.Tests.ApiTests", "samples\Orleans\tests\api\GiG.Core.Orleans.Sample.Tests.ApiTests\GiG.Core.Orleans.Sample.Tests.ApiTests.csproj", "{5151DFD9-5195-4ABC-8F9F-D201084F81FA}"
EndProject
Project("{9A19103F-16F7-4668-BE54-9A1E7A4F7556}") = "GiG.Core.Messaging.RabbitMQ.Abstractions", "src\GiG.Core.Messaging.RabbitMQ.Abstractions\GiG.Core.Messaging.RabbitMQ.Abstractions.csproj", "{4A33366E-3E63-4142-B242-25BC793C716A}"
EndProject
Project("{9A19103F-16F7-4668-BE54-9A1E7A4F7556}") = "GiG.Core.Orleans.Sample.Consumer", "samples\Orleans\src\GiG.Core.Orleans.Sample.Consumer\GiG.Core.Orleans.Sample.Consumer.csproj", "{F5BFE4B3-0FEA-417D-BA8A-004EF9E90E63}"
EndProject
Project("{2150E333-8FDC-42A3-9474-1A3956D46DE8}") = "Messaging", "Messaging", "{1577B553-2909-4844-A422-8782E2AA0F83}"
EndProject
Project("{9A19103F-16F7-4668-BE54-9A1E7A4F7556}") = "GiG.Core.Orleans.Streams.Kafka", "src\GiG.Core.Orleans.Streams.Kafka\GiG.Core.Orleans.Streams.Kafka.csproj", "{25E9980C-8141-4795-A2DE-55B70ED73E66}"
EndProject
Project("{9A19103F-16F7-4668-BE54-9A1E7A4F7556}") = "GiG.Core.Benchmarks.Orleans", "tests\benchmarks\GiG.Core.Benchmarks.Orleans\GiG.Core.Benchmarks.Orleans.csproj", "{33A1C5DA-A108-47CC-918B-A612C8212314}"
EndProject
Project("{9A19103F-16F7-4668-BE54-9A1E7A4F7556}") = "GiG.Core.Orleans.Streams.Abstractions", "src\GiG.Core.Orleans.Streams.Abstractions\GiG.Core.Orleans.Streams.Abstractions.csproj", "{79BCEF61-78B3-478D-8139-E38A3EB98FB8}"
EndProject
Project("{9A19103F-16F7-4668-BE54-9A1E7A4F7556}") = "GiG.Core.Orleans.Streams", "src\GiG.Core.Orleans.Streams\GiG.Core.Orleans.Streams.csproj", "{78BBCC65-C75D-4C4E-91E0-AA9CB8C7F451}"
EndProject
Project("{9A19103F-16F7-4668-BE54-9A1E7A4F7556}") = "GiG.Core.Web.Docs.Abstractions", "src\GiG.Core.Web.Docs.Abstractions\GiG.Core.Web.Docs.Abstractions.csproj", "{ECF4320C-0B41-4D74-99AD-ACDFE69EC230}"
EndProject
Project("{9A19103F-16F7-4668-BE54-9A1E7A4F7556}") = "GiG.Core.Orleans.Clustering.Kubernetes.Abstractions", "src\GiG.Core.Orleans.Clustering.Kubernetes.Abstractions\GiG.Core.Orleans.Clustering.Kubernetes.Abstractions.csproj", "{FA43C5F8-CF14-476B-B147-5A1412B54CAB}"
EndProject
Project("{9A19103F-16F7-4668-BE54-9A1E7A4F7556}") = "GiG.Core.Orleans.Clustering.Consul.Abstractions", "src\GiG.Core.Orleans.Clustering.Consul.Abstractions\GiG.Core.Orleans.Clustering.Consul.Abstractions.csproj", "{27E1501C-F6CF-4D88-AFD3-64AB4F573D8D}"
EndProject
Project("{9A19103F-16F7-4668-BE54-9A1E7A4F7556}") = "GiG.Core.Orleans.Clustering.Abstractions", "src\GiG.Core.Orleans.Clustering.Abstractions\GiG.Core.Orleans.Clustering.Abstractions.csproj", "{5E77E9F0-95F0-47E7-BEDA-4DDCC2C9DBD4}"
EndProject
Project("{9A19103F-16F7-4668-BE54-9A1E7A4F7556}") = "GiG.Core.Orleans.Silo.Abstractions", "src\GiG.Core.Orleans.Silo.Abstractions\GiG.Core.Orleans.Silo.Abstractions.csproj", "{4E44028E-F87A-4C11-B953-F104DE7E36F2}"
EndProject
Project("{9A19103F-16F7-4668-BE54-9A1E7A4F7556}") = "GiG.Core.Orleans.Storage.Npgsql.Abstractions", "src\GiG.Core.Orleans.Storage.Npgsql.Abstractions\GiG.Core.Orleans.Storage.Npgsql.Abstractions.csproj", "{3E1FF6DA-ABD3-4B46-AA6A-C1694BD715C7}"
EndProject
Project("{9A19103F-16F7-4668-BE54-9A1E7A4F7556}") = "GiG.Core.Web.Security.Hmac", "src\GiG.Core.Web.Security.Hmac\GiG.Core.Web.Security.Hmac.csproj", "{E434E435-DC13-4115-995C-22C40212161F}"
EndProject
Project("{9A19103F-16F7-4668-BE54-9A1E7A4F7556}") = "GiG.Core.Web.Security.Hmac.Abstractions", "src\GiG.Core.Web.Security.Hmac.Abstractions\GiG.Core.Web.Security.Hmac.Abstractions.csproj", "{97528206-2EA7-43F1-AE70-C094D4659101}"
EndProject
Project("{9A19103F-16F7-4668-BE54-9A1E7A4F7556}") = "GiG.Core.Web.Security.Hmac.MultiTenant", "src\GiG.Core.Web.Security.Hmac.SingleTenant\GiG.Core.Web.Security.Hmac.MultiTenant.csproj", "{2C3BAD19-23FC-4178-81B2-CC707F0F7445}"
EndProject
Project("{2150E333-8FDC-42A3-9474-1A3956D46DE8}") = "Security", "Security", "{AE93F6BF-87CC-420D-B14A-2F5B369DEFD0}"
EndProject
Project("{9A19103F-16F7-4668-BE54-9A1E7A4F7556}") = "GiG.Core.Security.Cryptography", "src\GiG.Security.Cryptography\GiG.Core.Security.Cryptography.csproj", "{315302FA-E6D2-4BD4-9F51-896DB765A623}"
EndProject
Project("{9A19103F-16F7-4668-BE54-9A1E7A4F7556}") = "GiG.Core.Http.Security.Hmac", "src\GiG.Core.Http.Security.Hmac\GiG.Core.Http.Security.Hmac.csproj", "{263EC4C9-C984-4562-8818-37489F8318C9}"
EndProject
Project("{9A19103F-16F7-4668-BE54-9A1E7A4F7556}") = "GiG.Security.Cryptography.Tests.Unit", "tests\unit\GiG.Security.Cryptography.Tests.Unit\GiG.Security.Cryptography.Tests.Unit.csproj", "{9C67E16B-823D-491C-9EF6-770AEF4438C0}"
EndProject
Project("{9A19103F-16F7-4668-BE54-9A1E7A4F7556}") = "GiG.Core.Web.Security.Hmac.Tests.Integration", "tests\integration\GiG.Core.Web.Security.Hmac.Tests.Integration\GiG.Core.Web.Security.Hmac.Tests.Integration.csproj", "{49293FBD-F783-4C18-9828-FEA3CBBA0696}"
EndProject
Project("{9A19103F-16F7-4668-BE54-9A1E7A4F7556}") = "GiG.Core.Web.Security.Hmac.Tests.Unit", "tests\unit\GiG.Core.Web.Security.Hmac.Tests.Unit\GiG.Core.Web.Security.Hmac.Tests.Unit.csproj", "{389C75F1-6EBC-4230-88E5-2C4565E36CAA}"
EndProject
Project("{FAE04EC0-301F-11D3-BF4B-00C04F79EFBC}") = "GiG.Core.Security.Http", "GiG.Core.Security.Http\GiG.Core.Security.Http.csproj", "{55963518-D86B-4C80-B0AA-F3AA23FD3F7D}"
EndProject
Global
	GlobalSection(SolutionConfigurationPlatforms) = preSolution
		Debug|Any CPU = Debug|Any CPU
		Release|Any CPU = Release|Any CPU
	EndGlobalSection
	GlobalSection(ProjectConfigurationPlatforms) = postSolution
		{25BFD54E-1985-48F5-88BD-0D52F3535284}.Debug|Any CPU.ActiveCfg = Debug|Any CPU
		{25BFD54E-1985-48F5-88BD-0D52F3535284}.Debug|Any CPU.Build.0 = Debug|Any CPU
		{25BFD54E-1985-48F5-88BD-0D52F3535284}.Release|Any CPU.ActiveCfg = Release|Any CPU
		{25BFD54E-1985-48F5-88BD-0D52F3535284}.Release|Any CPU.Build.0 = Release|Any CPU
		{76A8984C-9850-44E0-AB6E-4BC576ECAAA4}.Debug|Any CPU.ActiveCfg = Debug|Any CPU
		{76A8984C-9850-44E0-AB6E-4BC576ECAAA4}.Debug|Any CPU.Build.0 = Debug|Any CPU
		{76A8984C-9850-44E0-AB6E-4BC576ECAAA4}.Release|Any CPU.ActiveCfg = Release|Any CPU
		{76A8984C-9850-44E0-AB6E-4BC576ECAAA4}.Release|Any CPU.Build.0 = Release|Any CPU
		{CDCD9B6F-62E6-4F37-8758-24BD6C567D93}.Debug|Any CPU.ActiveCfg = Debug|Any CPU
		{CDCD9B6F-62E6-4F37-8758-24BD6C567D93}.Debug|Any CPU.Build.0 = Debug|Any CPU
		{CDCD9B6F-62E6-4F37-8758-24BD6C567D93}.Release|Any CPU.ActiveCfg = Release|Any CPU
		{CDCD9B6F-62E6-4F37-8758-24BD6C567D93}.Release|Any CPU.Build.0 = Release|Any CPU
		{036F11C4-D05B-4E08-8B93-2B60C02E5837}.Debug|Any CPU.ActiveCfg = Debug|Any CPU
		{036F11C4-D05B-4E08-8B93-2B60C02E5837}.Debug|Any CPU.Build.0 = Debug|Any CPU
		{036F11C4-D05B-4E08-8B93-2B60C02E5837}.Release|Any CPU.ActiveCfg = Release|Any CPU
		{036F11C4-D05B-4E08-8B93-2B60C02E5837}.Release|Any CPU.Build.0 = Release|Any CPU
		{C2E61B7C-1CC5-414E-A46C-9F8CE9919E80}.Debug|Any CPU.ActiveCfg = Debug|Any CPU
		{C2E61B7C-1CC5-414E-A46C-9F8CE9919E80}.Debug|Any CPU.Build.0 = Debug|Any CPU
		{C2E61B7C-1CC5-414E-A46C-9F8CE9919E80}.Release|Any CPU.ActiveCfg = Release|Any CPU
		{C2E61B7C-1CC5-414E-A46C-9F8CE9919E80}.Release|Any CPU.Build.0 = Release|Any CPU
		{72FFFFCF-7748-416B-8084-0F1906F6EE4D}.Debug|Any CPU.ActiveCfg = Debug|Any CPU
		{72FFFFCF-7748-416B-8084-0F1906F6EE4D}.Debug|Any CPU.Build.0 = Debug|Any CPU
		{72FFFFCF-7748-416B-8084-0F1906F6EE4D}.Release|Any CPU.ActiveCfg = Release|Any CPU
		{72FFFFCF-7748-416B-8084-0F1906F6EE4D}.Release|Any CPU.Build.0 = Release|Any CPU
		{3F673C64-3C05-45DB-9256-C085025BA286}.Debug|Any CPU.ActiveCfg = Debug|Any CPU
		{3F673C64-3C05-45DB-9256-C085025BA286}.Debug|Any CPU.Build.0 = Debug|Any CPU
		{3F673C64-3C05-45DB-9256-C085025BA286}.Release|Any CPU.ActiveCfg = Release|Any CPU
		{3F673C64-3C05-45DB-9256-C085025BA286}.Release|Any CPU.Build.0 = Release|Any CPU
		{BE594F54-E2A3-4B26-9D1F-54758CB7F2C0}.Debug|Any CPU.ActiveCfg = Debug|Any CPU
		{BE594F54-E2A3-4B26-9D1F-54758CB7F2C0}.Debug|Any CPU.Build.0 = Debug|Any CPU
		{BE594F54-E2A3-4B26-9D1F-54758CB7F2C0}.Release|Any CPU.ActiveCfg = Release|Any CPU
		{BE594F54-E2A3-4B26-9D1F-54758CB7F2C0}.Release|Any CPU.Build.0 = Release|Any CPU
		{CBF3F986-453A-47B2-8AC9-173A7933D7C5}.Debug|Any CPU.ActiveCfg = Debug|Any CPU
		{CBF3F986-453A-47B2-8AC9-173A7933D7C5}.Debug|Any CPU.Build.0 = Debug|Any CPU
		{CBF3F986-453A-47B2-8AC9-173A7933D7C5}.Release|Any CPU.ActiveCfg = Release|Any CPU
		{CBF3F986-453A-47B2-8AC9-173A7933D7C5}.Release|Any CPU.Build.0 = Release|Any CPU
		{BFD7DBD0-E549-4652-AEBD-F33F6279C059}.Debug|Any CPU.ActiveCfg = Debug|Any CPU
		{BFD7DBD0-E549-4652-AEBD-F33F6279C059}.Debug|Any CPU.Build.0 = Debug|Any CPU
		{BFD7DBD0-E549-4652-AEBD-F33F6279C059}.Release|Any CPU.ActiveCfg = Release|Any CPU
		{BFD7DBD0-E549-4652-AEBD-F33F6279C059}.Release|Any CPU.Build.0 = Release|Any CPU
		{3097BFFD-7910-4953-B506-7DBB606DA22A}.Debug|Any CPU.ActiveCfg = Debug|Any CPU
		{3097BFFD-7910-4953-B506-7DBB606DA22A}.Debug|Any CPU.Build.0 = Debug|Any CPU
		{3097BFFD-7910-4953-B506-7DBB606DA22A}.Release|Any CPU.ActiveCfg = Release|Any CPU
		{3097BFFD-7910-4953-B506-7DBB606DA22A}.Release|Any CPU.Build.0 = Release|Any CPU
		{CD7B94AE-8519-4080-8B92-094B6E7562E3}.Debug|Any CPU.ActiveCfg = Debug|Any CPU
		{CD7B94AE-8519-4080-8B92-094B6E7562E3}.Debug|Any CPU.Build.0 = Debug|Any CPU
		{CD7B94AE-8519-4080-8B92-094B6E7562E3}.Release|Any CPU.ActiveCfg = Release|Any CPU
		{CD7B94AE-8519-4080-8B92-094B6E7562E3}.Release|Any CPU.Build.0 = Release|Any CPU
		{10A41C72-335A-41CF-93F1-197C9031E9FF}.Debug|Any CPU.ActiveCfg = Debug|Any CPU
		{10A41C72-335A-41CF-93F1-197C9031E9FF}.Debug|Any CPU.Build.0 = Debug|Any CPU
		{10A41C72-335A-41CF-93F1-197C9031E9FF}.Release|Any CPU.ActiveCfg = Release|Any CPU
		{10A41C72-335A-41CF-93F1-197C9031E9FF}.Release|Any CPU.Build.0 = Release|Any CPU
		{C0474C00-0063-4E3C-8611-528D9B64AC71}.Debug|Any CPU.ActiveCfg = Debug|Any CPU
		{C0474C00-0063-4E3C-8611-528D9B64AC71}.Debug|Any CPU.Build.0 = Debug|Any CPU
		{C0474C00-0063-4E3C-8611-528D9B64AC71}.Release|Any CPU.ActiveCfg = Release|Any CPU
		{C0474C00-0063-4E3C-8611-528D9B64AC71}.Release|Any CPU.Build.0 = Release|Any CPU
		{58325500-DD6C-4D2D-AE55-26F7FE00C5F7}.Debug|Any CPU.ActiveCfg = Debug|Any CPU
		{58325500-DD6C-4D2D-AE55-26F7FE00C5F7}.Debug|Any CPU.Build.0 = Debug|Any CPU
		{58325500-DD6C-4D2D-AE55-26F7FE00C5F7}.Release|Any CPU.ActiveCfg = Release|Any CPU
		{58325500-DD6C-4D2D-AE55-26F7FE00C5F7}.Release|Any CPU.Build.0 = Release|Any CPU
		{F75A75DE-3013-4221-8E19-7ADD023C9B26}.Debug|Any CPU.ActiveCfg = Debug|Any CPU
		{F75A75DE-3013-4221-8E19-7ADD023C9B26}.Debug|Any CPU.Build.0 = Debug|Any CPU
		{F75A75DE-3013-4221-8E19-7ADD023C9B26}.Release|Any CPU.ActiveCfg = Release|Any CPU
		{F75A75DE-3013-4221-8E19-7ADD023C9B26}.Release|Any CPU.Build.0 = Release|Any CPU
		{B86F1CDD-8DB2-43FA-A353-7247DDCD7621}.Debug|Any CPU.ActiveCfg = Debug|Any CPU
		{B86F1CDD-8DB2-43FA-A353-7247DDCD7621}.Debug|Any CPU.Build.0 = Debug|Any CPU
		{B86F1CDD-8DB2-43FA-A353-7247DDCD7621}.Release|Any CPU.ActiveCfg = Release|Any CPU
		{B86F1CDD-8DB2-43FA-A353-7247DDCD7621}.Release|Any CPU.Build.0 = Release|Any CPU
		{93E66CCE-628A-4307-93EC-56B6A770DE07}.Debug|Any CPU.ActiveCfg = Debug|Any CPU
		{93E66CCE-628A-4307-93EC-56B6A770DE07}.Debug|Any CPU.Build.0 = Debug|Any CPU
		{93E66CCE-628A-4307-93EC-56B6A770DE07}.Release|Any CPU.ActiveCfg = Release|Any CPU
		{93E66CCE-628A-4307-93EC-56B6A770DE07}.Release|Any CPU.Build.0 = Release|Any CPU
		{54B0628A-D303-4AB9-9DB8-047B91CCE4F4}.Debug|Any CPU.ActiveCfg = Debug|Any CPU
		{54B0628A-D303-4AB9-9DB8-047B91CCE4F4}.Debug|Any CPU.Build.0 = Debug|Any CPU
		{54B0628A-D303-4AB9-9DB8-047B91CCE4F4}.Release|Any CPU.ActiveCfg = Release|Any CPU
		{54B0628A-D303-4AB9-9DB8-047B91CCE4F4}.Release|Any CPU.Build.0 = Release|Any CPU
		{5BD0BBDE-DFF8-4B85-8AF3-49240856FC8F}.Debug|Any CPU.ActiveCfg = Debug|Any CPU
		{5BD0BBDE-DFF8-4B85-8AF3-49240856FC8F}.Debug|Any CPU.Build.0 = Debug|Any CPU
		{5BD0BBDE-DFF8-4B85-8AF3-49240856FC8F}.Release|Any CPU.ActiveCfg = Release|Any CPU
		{5BD0BBDE-DFF8-4B85-8AF3-49240856FC8F}.Release|Any CPU.Build.0 = Release|Any CPU
		{38967D6D-E40C-479D-A83B-F391D239DA1E}.Debug|Any CPU.ActiveCfg = Debug|Any CPU
		{38967D6D-E40C-479D-A83B-F391D239DA1E}.Debug|Any CPU.Build.0 = Debug|Any CPU
		{38967D6D-E40C-479D-A83B-F391D239DA1E}.Release|Any CPU.ActiveCfg = Release|Any CPU
		{38967D6D-E40C-479D-A83B-F391D239DA1E}.Release|Any CPU.Build.0 = Release|Any CPU
		{274DA110-6BE4-4595-9450-5D42E442A0A0}.Debug|Any CPU.ActiveCfg = Debug|Any CPU
		{274DA110-6BE4-4595-9450-5D42E442A0A0}.Debug|Any CPU.Build.0 = Debug|Any CPU
		{274DA110-6BE4-4595-9450-5D42E442A0A0}.Release|Any CPU.ActiveCfg = Release|Any CPU
		{274DA110-6BE4-4595-9450-5D42E442A0A0}.Release|Any CPU.Build.0 = Release|Any CPU
		{792D51E1-D061-4896-B3A2-37A7D4BD5B40}.Debug|Any CPU.ActiveCfg = Debug|Any CPU
		{792D51E1-D061-4896-B3A2-37A7D4BD5B40}.Debug|Any CPU.Build.0 = Debug|Any CPU
		{792D51E1-D061-4896-B3A2-37A7D4BD5B40}.Release|Any CPU.ActiveCfg = Release|Any CPU
		{792D51E1-D061-4896-B3A2-37A7D4BD5B40}.Release|Any CPU.Build.0 = Release|Any CPU
		{C2271DA9-0A0C-465F-B20B-73BDE3BEBF9B}.Debug|Any CPU.ActiveCfg = Debug|Any CPU
		{C2271DA9-0A0C-465F-B20B-73BDE3BEBF9B}.Debug|Any CPU.Build.0 = Debug|Any CPU
		{C2271DA9-0A0C-465F-B20B-73BDE3BEBF9B}.Release|Any CPU.ActiveCfg = Release|Any CPU
		{C2271DA9-0A0C-465F-B20B-73BDE3BEBF9B}.Release|Any CPU.Build.0 = Release|Any CPU
		{6085C7C2-3E42-4A73-A0AF-5DF5EB637F9C}.Debug|Any CPU.ActiveCfg = Debug|Any CPU
		{6085C7C2-3E42-4A73-A0AF-5DF5EB637F9C}.Debug|Any CPU.Build.0 = Debug|Any CPU
		{6085C7C2-3E42-4A73-A0AF-5DF5EB637F9C}.Release|Any CPU.ActiveCfg = Release|Any CPU
		{6085C7C2-3E42-4A73-A0AF-5DF5EB637F9C}.Release|Any CPU.Build.0 = Release|Any CPU
		{DE0CD413-1938-465C-9B41-1FCA33364749}.Debug|Any CPU.ActiveCfg = Debug|Any CPU
		{DE0CD413-1938-465C-9B41-1FCA33364749}.Debug|Any CPU.Build.0 = Debug|Any CPU
		{DE0CD413-1938-465C-9B41-1FCA33364749}.Release|Any CPU.ActiveCfg = Release|Any CPU
		{DE0CD413-1938-465C-9B41-1FCA33364749}.Release|Any CPU.Build.0 = Release|Any CPU
		{EAF75BF4-7854-46BC-87A7-89D793079002}.Debug|Any CPU.ActiveCfg = Debug|Any CPU
		{EAF75BF4-7854-46BC-87A7-89D793079002}.Debug|Any CPU.Build.0 = Debug|Any CPU
		{EAF75BF4-7854-46BC-87A7-89D793079002}.Release|Any CPU.ActiveCfg = Release|Any CPU
		{EAF75BF4-7854-46BC-87A7-89D793079002}.Release|Any CPU.Build.0 = Release|Any CPU
		{1A662BC0-8C36-4C5A-8D64-DC3116604680}.Debug|Any CPU.ActiveCfg = Debug|Any CPU
		{1A662BC0-8C36-4C5A-8D64-DC3116604680}.Debug|Any CPU.Build.0 = Debug|Any CPU
		{1A662BC0-8C36-4C5A-8D64-DC3116604680}.Release|Any CPU.ActiveCfg = Release|Any CPU
		{1A662BC0-8C36-4C5A-8D64-DC3116604680}.Release|Any CPU.Build.0 = Release|Any CPU
		{C165BA59-A14C-479C-A02D-B2C7FB4FD974}.Debug|Any CPU.ActiveCfg = Debug|Any CPU
		{C165BA59-A14C-479C-A02D-B2C7FB4FD974}.Debug|Any CPU.Build.0 = Debug|Any CPU
		{C165BA59-A14C-479C-A02D-B2C7FB4FD974}.Release|Any CPU.ActiveCfg = Release|Any CPU
		{C165BA59-A14C-479C-A02D-B2C7FB4FD974}.Release|Any CPU.Build.0 = Release|Any CPU
		{DE3308C0-BFC3-4C7F-A461-190A4F2C87C3}.Debug|Any CPU.ActiveCfg = Debug|Any CPU
		{DE3308C0-BFC3-4C7F-A461-190A4F2C87C3}.Debug|Any CPU.Build.0 = Debug|Any CPU
		{DE3308C0-BFC3-4C7F-A461-190A4F2C87C3}.Release|Any CPU.ActiveCfg = Release|Any CPU
		{DE3308C0-BFC3-4C7F-A461-190A4F2C87C3}.Release|Any CPU.Build.0 = Release|Any CPU
		{415BBEEB-7DFE-48A3-8F93-97933C2D4A2B}.Debug|Any CPU.ActiveCfg = Debug|Any CPU
		{415BBEEB-7DFE-48A3-8F93-97933C2D4A2B}.Debug|Any CPU.Build.0 = Debug|Any CPU
		{415BBEEB-7DFE-48A3-8F93-97933C2D4A2B}.Release|Any CPU.ActiveCfg = Release|Any CPU
		{415BBEEB-7DFE-48A3-8F93-97933C2D4A2B}.Release|Any CPU.Build.0 = Release|Any CPU
		{29F99B37-6245-4155-A034-88F14ED95222}.Debug|Any CPU.ActiveCfg = Debug|Any CPU
		{29F99B37-6245-4155-A034-88F14ED95222}.Debug|Any CPU.Build.0 = Debug|Any CPU
		{29F99B37-6245-4155-A034-88F14ED95222}.Release|Any CPU.ActiveCfg = Release|Any CPU
		{29F99B37-6245-4155-A034-88F14ED95222}.Release|Any CPU.Build.0 = Release|Any CPU
		{B6AE4865-8329-456D-BA9A-467390C1C0CF}.Debug|Any CPU.ActiveCfg = Debug|Any CPU
		{B6AE4865-8329-456D-BA9A-467390C1C0CF}.Debug|Any CPU.Build.0 = Debug|Any CPU
		{B6AE4865-8329-456D-BA9A-467390C1C0CF}.Release|Any CPU.ActiveCfg = Release|Any CPU
		{B6AE4865-8329-456D-BA9A-467390C1C0CF}.Release|Any CPU.Build.0 = Release|Any CPU
		{1BCFBAFE-6040-4C0A-97FF-204FCB4897D9}.Debug|Any CPU.ActiveCfg = Debug|Any CPU
		{1BCFBAFE-6040-4C0A-97FF-204FCB4897D9}.Debug|Any CPU.Build.0 = Debug|Any CPU
		{1BCFBAFE-6040-4C0A-97FF-204FCB4897D9}.Release|Any CPU.ActiveCfg = Release|Any CPU
		{1BCFBAFE-6040-4C0A-97FF-204FCB4897D9}.Release|Any CPU.Build.0 = Release|Any CPU
		{D1F12F82-214B-4A0F-824C-27812420816A}.Debug|Any CPU.ActiveCfg = Debug|Any CPU
		{D1F12F82-214B-4A0F-824C-27812420816A}.Debug|Any CPU.Build.0 = Debug|Any CPU
		{D1F12F82-214B-4A0F-824C-27812420816A}.Release|Any CPU.ActiveCfg = Release|Any CPU
		{D1F12F82-214B-4A0F-824C-27812420816A}.Release|Any CPU.Build.0 = Release|Any CPU
		{2FBF58FA-C38B-443C-B6D5-A9AEAF5A6F28}.Debug|Any CPU.ActiveCfg = Debug|Any CPU
		{2FBF58FA-C38B-443C-B6D5-A9AEAF5A6F28}.Debug|Any CPU.Build.0 = Debug|Any CPU
		{2FBF58FA-C38B-443C-B6D5-A9AEAF5A6F28}.Release|Any CPU.ActiveCfg = Release|Any CPU
		{2FBF58FA-C38B-443C-B6D5-A9AEAF5A6F28}.Release|Any CPU.Build.0 = Release|Any CPU
		{F5BAE09F-8F05-4875-AC5F-2E18A225E28D}.Debug|Any CPU.ActiveCfg = Debug|Any CPU
		{F5BAE09F-8F05-4875-AC5F-2E18A225E28D}.Debug|Any CPU.Build.0 = Debug|Any CPU
		{F5BAE09F-8F05-4875-AC5F-2E18A225E28D}.Release|Any CPU.ActiveCfg = Release|Any CPU
		{F5BAE09F-8F05-4875-AC5F-2E18A225E28D}.Release|Any CPU.Build.0 = Release|Any CPU
		{F30DE898-0D09-433F-9129-080EE013D199}.Debug|Any CPU.ActiveCfg = Debug|Any CPU
		{F30DE898-0D09-433F-9129-080EE013D199}.Debug|Any CPU.Build.0 = Debug|Any CPU
		{F30DE898-0D09-433F-9129-080EE013D199}.Release|Any CPU.ActiveCfg = Release|Any CPU
		{F30DE898-0D09-433F-9129-080EE013D199}.Release|Any CPU.Build.0 = Release|Any CPU
		{F2DAE340-50D3-4A7D-AE2C-EF6D88EE8779}.Debug|Any CPU.ActiveCfg = Debug|Any CPU
		{F2DAE340-50D3-4A7D-AE2C-EF6D88EE8779}.Debug|Any CPU.Build.0 = Debug|Any CPU
		{F2DAE340-50D3-4A7D-AE2C-EF6D88EE8779}.Release|Any CPU.ActiveCfg = Release|Any CPU
		{F2DAE340-50D3-4A7D-AE2C-EF6D88EE8779}.Release|Any CPU.Build.0 = Release|Any CPU
		{8862DFE3-F0FE-4D23-B722-BDE8B83EB303}.Debug|Any CPU.ActiveCfg = Debug|Any CPU
		{8862DFE3-F0FE-4D23-B722-BDE8B83EB303}.Debug|Any CPU.Build.0 = Debug|Any CPU
		{8862DFE3-F0FE-4D23-B722-BDE8B83EB303}.Release|Any CPU.ActiveCfg = Release|Any CPU
		{8862DFE3-F0FE-4D23-B722-BDE8B83EB303}.Release|Any CPU.Build.0 = Release|Any CPU
		{FC62647F-B5A2-4972-9073-AA35FF870BCB}.Debug|Any CPU.ActiveCfg = Debug|Any CPU
		{FC62647F-B5A2-4972-9073-AA35FF870BCB}.Debug|Any CPU.Build.0 = Debug|Any CPU
		{FC62647F-B5A2-4972-9073-AA35FF870BCB}.Release|Any CPU.ActiveCfg = Release|Any CPU
		{FC62647F-B5A2-4972-9073-AA35FF870BCB}.Release|Any CPU.Build.0 = Release|Any CPU
		{20E3D378-C095-4FE0-838C-907C561F19E6}.Debug|Any CPU.ActiveCfg = Debug|Any CPU
		{20E3D378-C095-4FE0-838C-907C561F19E6}.Debug|Any CPU.Build.0 = Debug|Any CPU
		{20E3D378-C095-4FE0-838C-907C561F19E6}.Release|Any CPU.ActiveCfg = Release|Any CPU
		{20E3D378-C095-4FE0-838C-907C561F19E6}.Release|Any CPU.Build.0 = Release|Any CPU
		{A9F9FA7F-8352-44D3-A37A-88C8311C75CC}.Debug|Any CPU.ActiveCfg = Debug|Any CPU
		{A9F9FA7F-8352-44D3-A37A-88C8311C75CC}.Debug|Any CPU.Build.0 = Debug|Any CPU
		{A9F9FA7F-8352-44D3-A37A-88C8311C75CC}.Release|Any CPU.ActiveCfg = Release|Any CPU
		{FF83F7BD-376A-496B-A303-8E3FB18AB2C3}.Debug|Any CPU.ActiveCfg = Debug|Any CPU
		{FF83F7BD-376A-496B-A303-8E3FB18AB2C3}.Debug|Any CPU.Build.0 = Debug|Any CPU
		{FF83F7BD-376A-496B-A303-8E3FB18AB2C3}.Release|Any CPU.ActiveCfg = Release|Any CPU
		{FF83F7BD-376A-496B-A303-8E3FB18AB2C3}.Release|Any CPU.Build.0 = Release|Any CPU
		{0E03308E-7EFA-466C-8B32-9564DEB6CAEC}.Debug|Any CPU.ActiveCfg = Debug|Any CPU
		{0E03308E-7EFA-466C-8B32-9564DEB6CAEC}.Debug|Any CPU.Build.0 = Debug|Any CPU
		{0E03308E-7EFA-466C-8B32-9564DEB6CAEC}.Release|Any CPU.ActiveCfg = Release|Any CPU
		{0E03308E-7EFA-466C-8B32-9564DEB6CAEC}.Release|Any CPU.Build.0 = Release|Any CPU
		{86DF999D-7494-4A8D-B95B-EC3E0A2F5566}.Debug|Any CPU.ActiveCfg = Debug|Any CPU
		{86DF999D-7494-4A8D-B95B-EC3E0A2F5566}.Debug|Any CPU.Build.0 = Debug|Any CPU
		{86DF999D-7494-4A8D-B95B-EC3E0A2F5566}.Release|Any CPU.ActiveCfg = Release|Any CPU
		{86DF999D-7494-4A8D-B95B-EC3E0A2F5566}.Release|Any CPU.Build.0 = Release|Any CPU
		{6FDCCBF7-A517-41B4-9CD2-E8075F9C35B3}.Debug|Any CPU.ActiveCfg = Debug|Any CPU
		{6FDCCBF7-A517-41B4-9CD2-E8075F9C35B3}.Debug|Any CPU.Build.0 = Debug|Any CPU
		{6FDCCBF7-A517-41B4-9CD2-E8075F9C35B3}.Release|Any CPU.ActiveCfg = Release|Any CPU
		{6FDCCBF7-A517-41B4-9CD2-E8075F9C35B3}.Release|Any CPU.Build.0 = Release|Any CPU
		{A5699BCD-9096-4FC9-8C25-5D01A408E482}.Debug|Any CPU.ActiveCfg = Debug|Any CPU
		{A5699BCD-9096-4FC9-8C25-5D01A408E482}.Debug|Any CPU.Build.0 = Debug|Any CPU
		{A5699BCD-9096-4FC9-8C25-5D01A408E482}.Release|Any CPU.ActiveCfg = Release|Any CPU
		{A5699BCD-9096-4FC9-8C25-5D01A408E482}.Release|Any CPU.Build.0 = Release|Any CPU
		{839C397E-CAAB-44B3-8D99-B48130224403}.Debug|Any CPU.ActiveCfg = Debug|Any CPU
		{839C397E-CAAB-44B3-8D99-B48130224403}.Debug|Any CPU.Build.0 = Debug|Any CPU
		{839C397E-CAAB-44B3-8D99-B48130224403}.Release|Any CPU.ActiveCfg = Release|Any CPU
		{839C397E-CAAB-44B3-8D99-B48130224403}.Release|Any CPU.Build.0 = Release|Any CPU
		{1FA4249C-7CAF-4844-9E29-B1D81E91860A}.Debug|Any CPU.ActiveCfg = Debug|Any CPU
		{1FA4249C-7CAF-4844-9E29-B1D81E91860A}.Debug|Any CPU.Build.0 = Debug|Any CPU
		{1FA4249C-7CAF-4844-9E29-B1D81E91860A}.Release|Any CPU.ActiveCfg = Release|Any CPU
		{1FA4249C-7CAF-4844-9E29-B1D81E91860A}.Release|Any CPU.Build.0 = Release|Any CPU
		{43EBE64C-94E1-4C17-A015-399A957331AC}.Debug|Any CPU.ActiveCfg = Debug|Any CPU
		{43EBE64C-94E1-4C17-A015-399A957331AC}.Debug|Any CPU.Build.0 = Debug|Any CPU
		{43EBE64C-94E1-4C17-A015-399A957331AC}.Release|Any CPU.ActiveCfg = Release|Any CPU
		{43EBE64C-94E1-4C17-A015-399A957331AC}.Release|Any CPU.Build.0 = Release|Any CPU
		{5FF2C36A-9641-48E5-A138-65B0A8785070}.Debug|Any CPU.ActiveCfg = Debug|Any CPU
		{5FF2C36A-9641-48E5-A138-65B0A8785070}.Debug|Any CPU.Build.0 = Debug|Any CPU
		{5FF2C36A-9641-48E5-A138-65B0A8785070}.Release|Any CPU.ActiveCfg = Release|Any CPU
		{5FF2C36A-9641-48E5-A138-65B0A8785070}.Release|Any CPU.Build.0 = Release|Any CPU
		{40A0EEC4-72CA-486B-AE1F-E49B4EFE76F4}.Debug|Any CPU.ActiveCfg = Debug|Any CPU
		{40A0EEC4-72CA-486B-AE1F-E49B4EFE76F4}.Debug|Any CPU.Build.0 = Debug|Any CPU
		{40A0EEC4-72CA-486B-AE1F-E49B4EFE76F4}.Release|Any CPU.ActiveCfg = Release|Any CPU
		{40A0EEC4-72CA-486B-AE1F-E49B4EFE76F4}.Release|Any CPU.Build.0 = Release|Any CPU
		{46F4003E-6603-4DF8-A9DB-4694C77AD656}.Debug|Any CPU.ActiveCfg = Debug|Any CPU
		{46F4003E-6603-4DF8-A9DB-4694C77AD656}.Debug|Any CPU.Build.0 = Debug|Any CPU
		{46F4003E-6603-4DF8-A9DB-4694C77AD656}.Release|Any CPU.ActiveCfg = Release|Any CPU
		{46F4003E-6603-4DF8-A9DB-4694C77AD656}.Release|Any CPU.Build.0 = Release|Any CPU
		{2C90E3BF-202F-4184-B2E0-1D6997E16B6D}.Debug|Any CPU.ActiveCfg = Debug|Any CPU
		{2C90E3BF-202F-4184-B2E0-1D6997E16B6D}.Debug|Any CPU.Build.0 = Debug|Any CPU
		{2C90E3BF-202F-4184-B2E0-1D6997E16B6D}.Release|Any CPU.ActiveCfg = Release|Any CPU
		{2C90E3BF-202F-4184-B2E0-1D6997E16B6D}.Release|Any CPU.Build.0 = Release|Any CPU
		{E1C737F2-6A34-4E0D-97D5-397A51598755}.Debug|Any CPU.ActiveCfg = Debug|Any CPU
		{E1C737F2-6A34-4E0D-97D5-397A51598755}.Debug|Any CPU.Build.0 = Debug|Any CPU
		{E1C737F2-6A34-4E0D-97D5-397A51598755}.Release|Any CPU.ActiveCfg = Release|Any CPU
		{E1C737F2-6A34-4E0D-97D5-397A51598755}.Release|Any CPU.Build.0 = Release|Any CPU
		{1ACB0572-7B79-46E4-8D86-C849637E97BF}.Debug|Any CPU.ActiveCfg = Debug|Any CPU
		{1ACB0572-7B79-46E4-8D86-C849637E97BF}.Debug|Any CPU.Build.0 = Debug|Any CPU
		{1ACB0572-7B79-46E4-8D86-C849637E97BF}.Release|Any CPU.ActiveCfg = Release|Any CPU
		{1ACB0572-7B79-46E4-8D86-C849637E97BF}.Release|Any CPU.Build.0 = Release|Any CPU
		{C7A2FA4B-3CD7-41DB-8CF3-E1875B18A015}.Debug|Any CPU.ActiveCfg = Debug|Any CPU
		{C7A2FA4B-3CD7-41DB-8CF3-E1875B18A015}.Debug|Any CPU.Build.0 = Debug|Any CPU
		{C7A2FA4B-3CD7-41DB-8CF3-E1875B18A015}.Release|Any CPU.ActiveCfg = Release|Any CPU
		{C7A2FA4B-3CD7-41DB-8CF3-E1875B18A015}.Release|Any CPU.Build.0 = Release|Any CPU
		{5151DFD9-5195-4ABC-8F9F-D201084F81FA}.Debug|Any CPU.ActiveCfg = Debug|Any CPU
		{5151DFD9-5195-4ABC-8F9F-D201084F81FA}.Debug|Any CPU.Build.0 = Debug|Any CPU
		{5151DFD9-5195-4ABC-8F9F-D201084F81FA}.Release|Any CPU.ActiveCfg = Release|Any CPU
		{5151DFD9-5195-4ABC-8F9F-D201084F81FA}.Release|Any CPU.Build.0 = Release|Any CPU
		{4A33366E-3E63-4142-B242-25BC793C716A}.Debug|Any CPU.ActiveCfg = Debug|Any CPU
		{4A33366E-3E63-4142-B242-25BC793C716A}.Debug|Any CPU.Build.0 = Debug|Any CPU
		{4A33366E-3E63-4142-B242-25BC793C716A}.Release|Any CPU.ActiveCfg = Release|Any CPU
		{4A33366E-3E63-4142-B242-25BC793C716A}.Release|Any CPU.Build.0 = Release|Any CPU
		{F5BFE4B3-0FEA-417D-BA8A-004EF9E90E63}.Debug|Any CPU.ActiveCfg = Debug|Any CPU
		{F5BFE4B3-0FEA-417D-BA8A-004EF9E90E63}.Debug|Any CPU.Build.0 = Debug|Any CPU
		{F5BFE4B3-0FEA-417D-BA8A-004EF9E90E63}.Release|Any CPU.ActiveCfg = Release|Any CPU
		{F5BFE4B3-0FEA-417D-BA8A-004EF9E90E63}.Release|Any CPU.Build.0 = Release|Any CPU
		{25E9980C-8141-4795-A2DE-55B70ED73E66}.Debug|Any CPU.ActiveCfg = Debug|Any CPU
		{25E9980C-8141-4795-A2DE-55B70ED73E66}.Debug|Any CPU.Build.0 = Debug|Any CPU
		{25E9980C-8141-4795-A2DE-55B70ED73E66}.Release|Any CPU.ActiveCfg = Release|Any CPU
		{25E9980C-8141-4795-A2DE-55B70ED73E66}.Release|Any CPU.Build.0 = Release|Any CPU
		{33A1C5DA-A108-47CC-918B-A612C8212314}.Debug|Any CPU.ActiveCfg = Debug|Any CPU
		{33A1C5DA-A108-47CC-918B-A612C8212314}.Debug|Any CPU.Build.0 = Debug|Any CPU
		{33A1C5DA-A108-47CC-918B-A612C8212314}.Release|Any CPU.ActiveCfg = Release|Any CPU
		{33A1C5DA-A108-47CC-918B-A612C8212314}.Release|Any CPU.Build.0 = Release|Any CPU
		{79BCEF61-78B3-478D-8139-E38A3EB98FB8}.Debug|Any CPU.ActiveCfg = Debug|Any CPU
		{79BCEF61-78B3-478D-8139-E38A3EB98FB8}.Debug|Any CPU.Build.0 = Debug|Any CPU
		{79BCEF61-78B3-478D-8139-E38A3EB98FB8}.Release|Any CPU.ActiveCfg = Release|Any CPU
		{79BCEF61-78B3-478D-8139-E38A3EB98FB8}.Release|Any CPU.Build.0 = Release|Any CPU
		{78BBCC65-C75D-4C4E-91E0-AA9CB8C7F451}.Debug|Any CPU.ActiveCfg = Debug|Any CPU
		{78BBCC65-C75D-4C4E-91E0-AA9CB8C7F451}.Debug|Any CPU.Build.0 = Debug|Any CPU
		{78BBCC65-C75D-4C4E-91E0-AA9CB8C7F451}.Release|Any CPU.ActiveCfg = Release|Any CPU
		{78BBCC65-C75D-4C4E-91E0-AA9CB8C7F451}.Release|Any CPU.Build.0 = Release|Any CPU
		{ECF4320C-0B41-4D74-99AD-ACDFE69EC230}.Debug|Any CPU.ActiveCfg = Debug|Any CPU
		{ECF4320C-0B41-4D74-99AD-ACDFE69EC230}.Debug|Any CPU.Build.0 = Debug|Any CPU
		{ECF4320C-0B41-4D74-99AD-ACDFE69EC230}.Release|Any CPU.ActiveCfg = Release|Any CPU
		{ECF4320C-0B41-4D74-99AD-ACDFE69EC230}.Release|Any CPU.Build.0 = Release|Any CPU
		{FA43C5F8-CF14-476B-B147-5A1412B54CAB}.Debug|Any CPU.ActiveCfg = Debug|Any CPU
		{FA43C5F8-CF14-476B-B147-5A1412B54CAB}.Debug|Any CPU.Build.0 = Debug|Any CPU
		{FA43C5F8-CF14-476B-B147-5A1412B54CAB}.Release|Any CPU.ActiveCfg = Release|Any CPU
		{FA43C5F8-CF14-476B-B147-5A1412B54CAB}.Release|Any CPU.Build.0 = Release|Any CPU
		{27E1501C-F6CF-4D88-AFD3-64AB4F573D8D}.Debug|Any CPU.ActiveCfg = Debug|Any CPU
		{27E1501C-F6CF-4D88-AFD3-64AB4F573D8D}.Debug|Any CPU.Build.0 = Debug|Any CPU
		{27E1501C-F6CF-4D88-AFD3-64AB4F573D8D}.Release|Any CPU.ActiveCfg = Release|Any CPU
		{27E1501C-F6CF-4D88-AFD3-64AB4F573D8D}.Release|Any CPU.Build.0 = Release|Any CPU
		{5E77E9F0-95F0-47E7-BEDA-4DDCC2C9DBD4}.Debug|Any CPU.ActiveCfg = Debug|Any CPU
		{5E77E9F0-95F0-47E7-BEDA-4DDCC2C9DBD4}.Debug|Any CPU.Build.0 = Debug|Any CPU
		{5E77E9F0-95F0-47E7-BEDA-4DDCC2C9DBD4}.Release|Any CPU.ActiveCfg = Release|Any CPU
		{5E77E9F0-95F0-47E7-BEDA-4DDCC2C9DBD4}.Release|Any CPU.Build.0 = Release|Any CPU
		{4E44028E-F87A-4C11-B953-F104DE7E36F2}.Debug|Any CPU.ActiveCfg = Debug|Any CPU
		{4E44028E-F87A-4C11-B953-F104DE7E36F2}.Debug|Any CPU.Build.0 = Debug|Any CPU
		{4E44028E-F87A-4C11-B953-F104DE7E36F2}.Release|Any CPU.ActiveCfg = Release|Any CPU
		{4E44028E-F87A-4C11-B953-F104DE7E36F2}.Release|Any CPU.Build.0 = Release|Any CPU
		{3E1FF6DA-ABD3-4B46-AA6A-C1694BD715C7}.Debug|Any CPU.ActiveCfg = Debug|Any CPU
		{3E1FF6DA-ABD3-4B46-AA6A-C1694BD715C7}.Debug|Any CPU.Build.0 = Debug|Any CPU
		{3E1FF6DA-ABD3-4B46-AA6A-C1694BD715C7}.Release|Any CPU.ActiveCfg = Release|Any CPU
		{3E1FF6DA-ABD3-4B46-AA6A-C1694BD715C7}.Release|Any CPU.Build.0 = Release|Any CPU
		{E434E435-DC13-4115-995C-22C40212161F}.Debug|Any CPU.ActiveCfg = Debug|Any CPU
		{E434E435-DC13-4115-995C-22C40212161F}.Debug|Any CPU.Build.0 = Debug|Any CPU
		{E434E435-DC13-4115-995C-22C40212161F}.Release|Any CPU.ActiveCfg = Release|Any CPU
		{E434E435-DC13-4115-995C-22C40212161F}.Release|Any CPU.Build.0 = Release|Any CPU
		{97528206-2EA7-43F1-AE70-C094D4659101}.Debug|Any CPU.ActiveCfg = Debug|Any CPU
		{97528206-2EA7-43F1-AE70-C094D4659101}.Debug|Any CPU.Build.0 = Debug|Any CPU
		{97528206-2EA7-43F1-AE70-C094D4659101}.Release|Any CPU.ActiveCfg = Release|Any CPU
		{97528206-2EA7-43F1-AE70-C094D4659101}.Release|Any CPU.Build.0 = Release|Any CPU
		{2C3BAD19-23FC-4178-81B2-CC707F0F7445}.Debug|Any CPU.ActiveCfg = Debug|Any CPU
		{2C3BAD19-23FC-4178-81B2-CC707F0F7445}.Debug|Any CPU.Build.0 = Debug|Any CPU
		{2C3BAD19-23FC-4178-81B2-CC707F0F7445}.Release|Any CPU.ActiveCfg = Release|Any CPU
		{2C3BAD19-23FC-4178-81B2-CC707F0F7445}.Release|Any CPU.Build.0 = Release|Any CPU
		{315302FA-E6D2-4BD4-9F51-896DB765A623}.Debug|Any CPU.ActiveCfg = Debug|Any CPU
		{315302FA-E6D2-4BD4-9F51-896DB765A623}.Debug|Any CPU.Build.0 = Debug|Any CPU
		{315302FA-E6D2-4BD4-9F51-896DB765A623}.Release|Any CPU.ActiveCfg = Release|Any CPU
		{315302FA-E6D2-4BD4-9F51-896DB765A623}.Release|Any CPU.Build.0 = Release|Any CPU
		{263EC4C9-C984-4562-8818-37489F8318C9}.Debug|Any CPU.ActiveCfg = Debug|Any CPU
		{263EC4C9-C984-4562-8818-37489F8318C9}.Debug|Any CPU.Build.0 = Debug|Any CPU
		{263EC4C9-C984-4562-8818-37489F8318C9}.Release|Any CPU.ActiveCfg = Release|Any CPU
		{263EC4C9-C984-4562-8818-37489F8318C9}.Release|Any CPU.Build.0 = Release|Any CPU
		{9C67E16B-823D-491C-9EF6-770AEF4438C0}.Debug|Any CPU.ActiveCfg = Debug|Any CPU
		{9C67E16B-823D-491C-9EF6-770AEF4438C0}.Debug|Any CPU.Build.0 = Debug|Any CPU
		{9C67E16B-823D-491C-9EF6-770AEF4438C0}.Release|Any CPU.ActiveCfg = Release|Any CPU
		{9C67E16B-823D-491C-9EF6-770AEF4438C0}.Release|Any CPU.Build.0 = Release|Any CPU
		{49293FBD-F783-4C18-9828-FEA3CBBA0696}.Debug|Any CPU.ActiveCfg = Debug|Any CPU
		{49293FBD-F783-4C18-9828-FEA3CBBA0696}.Debug|Any CPU.Build.0 = Debug|Any CPU
		{49293FBD-F783-4C18-9828-FEA3CBBA0696}.Release|Any CPU.ActiveCfg = Release|Any CPU
		{49293FBD-F783-4C18-9828-FEA3CBBA0696}.Release|Any CPU.Build.0 = Release|Any CPU
		{389C75F1-6EBC-4230-88E5-2C4565E36CAA}.Debug|Any CPU.ActiveCfg = Debug|Any CPU
		{389C75F1-6EBC-4230-88E5-2C4565E36CAA}.Debug|Any CPU.Build.0 = Debug|Any CPU
		{389C75F1-6EBC-4230-88E5-2C4565E36CAA}.Release|Any CPU.ActiveCfg = Release|Any CPU
		{389C75F1-6EBC-4230-88E5-2C4565E36CAA}.Release|Any CPU.Build.0 = Release|Any CPU
		{55963518-D86B-4C80-B0AA-F3AA23FD3F7D}.Debug|Any CPU.ActiveCfg = Debug|Any CPU
		{55963518-D86B-4C80-B0AA-F3AA23FD3F7D}.Debug|Any CPU.Build.0 = Debug|Any CPU
		{55963518-D86B-4C80-B0AA-F3AA23FD3F7D}.Release|Any CPU.ActiveCfg = Release|Any CPU
		{55963518-D86B-4C80-B0AA-F3AA23FD3F7D}.Release|Any CPU.Build.0 = Release|Any CPU
	EndGlobalSection
	GlobalSection(SolutionProperties) = preSolution
		HideSolutionNode = FALSE
	EndGlobalSection
	GlobalSection(NestedProjects) = preSolution
		{01ED85ED-F3CF-4D12-B85F-ED8F8FEDECB6} = {5915362C-8F1B-4574-92D4-BEF2B1968A17}
		{25BFD54E-1985-48F5-88BD-0D52F3535284} = {71DDFE2F-32B9-483D-BA5F-E8E86924EBDC}
		{76A8984C-9850-44E0-AB6E-4BC576ECAAA4} = {52AEF79F-C056-404A-9AC9-155CE8A17721}
		{0305263F-4F1E-4C91-B90F-3F3268F69142} = {6683488A-3D9A-4408-8DC2-DFA2E318A178}
		{CDCD9B6F-62E6-4F37-8758-24BD6C567D93} = {3DD07011-F314-4CDD-854E-A9D75721DEE9}
		{4E76F09A-698A-4CF7-8552-A662C93EF30C} = {5915362C-8F1B-4574-92D4-BEF2B1968A17}
		{036F11C4-D05B-4E08-8B93-2B60C02E5837} = {4E76F09A-698A-4CF7-8552-A662C93EF30C}
		{C2E61B7C-1CC5-414E-A46C-9F8CE9919E80} = {697F21BC-B236-478E-A860-A5CF10502219}
		{73E3D18B-ABA8-469D-BB19-5C87F607E3CF} = {807ECA6E-BD91-4F04-B213-C500DF38DA43}
		{72FFFFCF-7748-416B-8084-0F1906F6EE4D} = {73E3D18B-ABA8-469D-BB19-5C87F607E3CF}
		{3F673C64-3C05-45DB-9256-C085025BA286} = {212B73B8-7EE1-4550-8D14-F62D9DFB87C6}
		{BE594F54-E2A3-4B26-9D1F-54758CB7F2C0} = {F3E4EB54-9129-4327-9A32-89ABD4ADA6C5}
		{CBF3F986-453A-47B2-8AC9-173A7933D7C5} = {F3E4EB54-9129-4327-9A32-89ABD4ADA6C5}
		{BFD7DBD0-E549-4652-AEBD-F33F6279C059} = {4E76F09A-698A-4CF7-8552-A662C93EF30C}
		{3097BFFD-7910-4953-B506-7DBB606DA22A} = {52AEF79F-C056-404A-9AC9-155CE8A17721}
		{CD7B94AE-8519-4080-8B92-094B6E7562E3} = {52AEF79F-C056-404A-9AC9-155CE8A17721}
		{10A41C72-335A-41CF-93F1-197C9031E9FF} = {52AEF79F-C056-404A-9AC9-155CE8A17721}
		{C0474C00-0063-4E3C-8611-528D9B64AC71} = {52AEF79F-C056-404A-9AC9-155CE8A17721}
		{58325500-DD6C-4D2D-AE55-26F7FE00C5F7} = {52AEF79F-C056-404A-9AC9-155CE8A17721}
		{F75A75DE-3013-4221-8E19-7ADD023C9B26} = {52AEF79F-C056-404A-9AC9-155CE8A17721}
		{52AEF79F-C056-404A-9AC9-155CE8A17721} = {E5CC5DF3-1551-49F0-B308-B80143E7ABE0}
		{3DD07011-F314-4CDD-854E-A9D75721DEE9} = {E5CC5DF3-1551-49F0-B308-B80143E7ABE0}
		{F3E4EB54-9129-4327-9A32-89ABD4ADA6C5} = {E5CC5DF3-1551-49F0-B308-B80143E7ABE0}
		{64FBDA2C-D499-4EE1-AAA9-DFF1BCF8C465} = {E5CC5DF3-1551-49F0-B308-B80143E7ABE0}
		{B86F1CDD-8DB2-43FA-A353-7247DDCD7621} = {64FBDA2C-D499-4EE1-AAA9-DFF1BCF8C465}
		{93E66CCE-628A-4307-93EC-56B6A770DE07} = {64FBDA2C-D499-4EE1-AAA9-DFF1BCF8C465}
		{54B0628A-D303-4AB9-9DB8-047B91CCE4F4} = {4E76F09A-698A-4CF7-8552-A662C93EF30C}
		{D4C1B3D4-A75F-4D7F-8BD3-39FDE1B444DF} = {E5CC5DF3-1551-49F0-B308-B80143E7ABE0}
		{5BD0BBDE-DFF8-4B85-8AF3-49240856FC8F} = {D4C1B3D4-A75F-4D7F-8BD3-39FDE1B444DF}
		{38967D6D-E40C-479D-A83B-F391D239DA1E} = {4E76F09A-698A-4CF7-8552-A662C93EF30C}
		{436A5A62-C050-463F-B691-F56B9A76366E} = {E5CC5DF3-1551-49F0-B308-B80143E7ABE0}
		{274DA110-6BE4-4595-9450-5D42E442A0A0} = {436A5A62-C050-463F-B691-F56B9A76366E}
		{792D51E1-D061-4896-B3A2-37A7D4BD5B40} = {436A5A62-C050-463F-B691-F56B9A76366E}
		{04D48832-835B-406A-86AA-8A7232ECA58C} = {E5CC5DF3-1551-49F0-B308-B80143E7ABE0}
		{C2271DA9-0A0C-465F-B20B-73BDE3BEBF9B} = {04D48832-835B-406A-86AA-8A7232ECA58C}
		{6085C7C2-3E42-4A73-A0AF-5DF5EB637F9C} = {4E76F09A-698A-4CF7-8552-A662C93EF30C}
		{8372654D-18DE-4EB4-A40E-C231A5A4EFCB} = {99337274-FAB8-4358-81BB-3736EE2CCDE6}
		{8047E8B5-4505-49E7-8C01-5C5FCB7B5681} = {E5CC5DF3-1551-49F0-B308-B80143E7ABE0}
		{DE0CD413-1938-465C-9B41-1FCA33364749} = {8047E8B5-4505-49E7-8C01-5C5FCB7B5681}
		{EAF75BF4-7854-46BC-87A7-89D793079002} = {D4C1B3D4-A75F-4D7F-8BD3-39FDE1B444DF}
		{1A662BC0-8C36-4C5A-8D64-DC3116604680} = {8047E8B5-4505-49E7-8C01-5C5FCB7B5681}
		{C165BA59-A14C-479C-A02D-B2C7FB4FD974} = {4E76F09A-698A-4CF7-8552-A662C93EF30C}
		{DE3308C0-BFC3-4C7F-A461-190A4F2C87C3} = {04D48832-835B-406A-86AA-8A7232ECA58C}
		{415BBEEB-7DFE-48A3-8F93-97933C2D4A2B} = {4E76F09A-698A-4CF7-8552-A662C93EF30C}
		{29F99B37-6245-4155-A034-88F14ED95222} = {D4C1B3D4-A75F-4D7F-8BD3-39FDE1B444DF}
		{B6AE4865-8329-456D-BA9A-467390C1C0CF} = {2AFB4E5D-843D-4DE4-A151-772FC6978A2F}
		{1BCFBAFE-6040-4C0A-97FF-204FCB4897D9} = {2AFB4E5D-843D-4DE4-A151-772FC6978A2F}
		{D1F12F82-214B-4A0F-824C-27812420816A} = {2AFB4E5D-843D-4DE4-A151-772FC6978A2F}
		{2FBF58FA-C38B-443C-B6D5-A9AEAF5A6F28} = {2AFB4E5D-843D-4DE4-A151-772FC6978A2F}
		{C2B7D247-99EF-454C-B6A9-D96DF2379F19} = {99337274-FAB8-4358-81BB-3736EE2CCDE6}
		{E3EB22BA-0E13-4508-B5C5-45601B83C2FC} = {99337274-FAB8-4358-81BB-3736EE2CCDE6}
		{412AB606-A56E-4B9E-A9C1-E2C7E02D0CF5} = {E5CC5DF3-1551-49F0-B308-B80143E7ABE0}
		{F5BAE09F-8F05-4875-AC5F-2E18A225E28D} = {412AB606-A56E-4B9E-A9C1-E2C7E02D0CF5}
		{F7101BD9-8900-4A3C-BA85-0548DA6508BD} = {99337274-FAB8-4358-81BB-3736EE2CCDE6}
		{F30DE898-0D09-433F-9129-080EE013D199} = {088A9253-942E-4C4E-9A2A-1C5B51BEAC83}
		{F2DAE340-50D3-4A7D-AE2C-EF6D88EE8779} = {4E76F09A-698A-4CF7-8552-A662C93EF30C}
		{8862DFE3-F0FE-4D23-B722-BDE8B83EB303} = {8047E8B5-4505-49E7-8C01-5C5FCB7B5681}
		{088A9253-942E-4C4E-9A2A-1C5B51BEAC83} = {F7101BD9-8900-4A3C-BA85-0548DA6508BD}
		{BF9C05FB-34AE-483F-A013-96D7F9E58192} = {F7101BD9-8900-4A3C-BA85-0548DA6508BD}
		{71DDFE2F-32B9-483D-BA5F-E8E86924EBDC} = {E3EB22BA-0E13-4508-B5C5-45601B83C2FC}
		{7F77E6B8-8149-4F46-919F-5CC0F82DFD4A} = {E3EB22BA-0E13-4508-B5C5-45601B83C2FC}
		{2AFB4E5D-843D-4DE4-A151-772FC6978A2F} = {8372654D-18DE-4EB4-A40E-C231A5A4EFCB}
		{54BD3C2B-B197-47EC-92C2-CC3EF5940ECF} = {8372654D-18DE-4EB4-A40E-C231A5A4EFCB}
		{697F21BC-B236-478E-A860-A5CF10502219} = {C2B7D247-99EF-454C-B6A9-D96DF2379F19}
		{807ECA6E-BD91-4F04-B213-C500DF38DA43} = {C2B7D247-99EF-454C-B6A9-D96DF2379F19}
		{FC62647F-B5A2-4972-9073-AA35FF870BCB} = {412AB606-A56E-4B9E-A9C1-E2C7E02D0CF5}
		{20E3D378-C095-4FE0-838C-907C561F19E6} = {F3E4EB54-9129-4327-9A32-89ABD4ADA6C5}
		{A9F9FA7F-8352-44D3-A37A-88C8311C75CC} = {4E76F09A-698A-4CF7-8552-A662C93EF30C}
		{F61B8500-FA18-43A7-B637-379735C0B141} = {E5CC5DF3-1551-49F0-B308-B80143E7ABE0}
		{FF83F7BD-376A-496B-A303-8E3FB18AB2C3} = {8047E8B5-4505-49E7-8C01-5C5FCB7B5681}
		{0E03308E-7EFA-466C-8B32-9564DEB6CAEC} = {F61B8500-FA18-43A7-B637-379735C0B141}
		{86DF999D-7494-4A8D-B95B-EC3E0A2F5566} = {F61B8500-FA18-43A7-B637-379735C0B141}
		{6FDCCBF7-A517-41B4-9CD2-E8075F9C35B3} = {52AEF79F-C056-404A-9AC9-155CE8A17721}
		{A5699BCD-9096-4FC9-8C25-5D01A408E482} = {F61B8500-FA18-43A7-B637-379735C0B141}
		{839C397E-CAAB-44B3-8D99-B48130224403} = {4E76F09A-698A-4CF7-8552-A662C93EF30C}
		{02CB77CD-EBE1-4978-A920-15F20270A28F} = {807ECA6E-BD91-4F04-B213-C500DF38DA43}
		{1FA4249C-7CAF-4844-9E29-B1D81E91860A} = {52AEF79F-C056-404A-9AC9-155CE8A17721}
		{66468249-0BE3-4E03-A5B8-DE350CA051EE} = {5915362C-8F1B-4574-92D4-BEF2B1968A17}
		{43EBE64C-94E1-4C17-A015-399A957331AC} = {8A64AE64-5734-41A3-9D3A-B6F2B0248ECE}
		{8A64AE64-5734-41A3-9D3A-B6F2B0248ECE} = {5915362C-8F1B-4574-92D4-BEF2B1968A17}
		{5FF2C36A-9641-48E5-A138-65B0A8785070} = {8047E8B5-4505-49E7-8C01-5C5FCB7B5681}
		{40A0EEC4-72CA-486B-AE1F-E49B4EFE76F4} = {8047E8B5-4505-49E7-8C01-5C5FCB7B5681}
		{46F4003E-6603-4DF8-A9DB-4694C77AD656} = {4E76F09A-698A-4CF7-8552-A662C93EF30C}
		{663B3F62-62DA-4B0D-81CA-156013D0C93C} = {E5CC5DF3-1551-49F0-B308-B80143E7ABE0}
		{2C90E3BF-202F-4184-B2E0-1D6997E16B6D} = {663B3F62-62DA-4B0D-81CA-156013D0C93C}
		{E1C737F2-6A34-4E0D-97D5-397A51598755} = {4E76F09A-698A-4CF7-8552-A662C93EF30C}
		{1ACB0572-7B79-46E4-8D86-C849637E97BF} = {663B3F62-62DA-4B0D-81CA-156013D0C93C}
		{C7A2FA4B-3CD7-41DB-8CF3-E1875B18A015} = {663B3F62-62DA-4B0D-81CA-156013D0C93C}
		{5151DFD9-5195-4ABC-8F9F-D201084F81FA} = {54BD3C2B-B197-47EC-92C2-CC3EF5940ECF}
		{4A33366E-3E63-4142-B242-25BC793C716A} = {1577B553-2909-4844-A422-8782E2AA0F83}
		{F5BFE4B3-0FEA-417D-BA8A-004EF9E90E63} = {2AFB4E5D-843D-4DE4-A151-772FC6978A2F}
		{1577B553-2909-4844-A422-8782E2AA0F83} = {E5CC5DF3-1551-49F0-B308-B80143E7ABE0}
		{25E9980C-8141-4795-A2DE-55B70ED73E66} = {8047E8B5-4505-49E7-8C01-5C5FCB7B5681}
		{33A1C5DA-A108-47CC-918B-A612C8212314} = {8A64AE64-5734-41A3-9D3A-B6F2B0248ECE}
		{79BCEF61-78B3-478D-8139-E38A3EB98FB8} = {1577B553-2909-4844-A422-8782E2AA0F83}
		{78BBCC65-C75D-4C4E-91E0-AA9CB8C7F451} = {8047E8B5-4505-49E7-8C01-5C5FCB7B5681}
		{ECF4320C-0B41-4D74-99AD-ACDFE69EC230} = {D4C1B3D4-A75F-4D7F-8BD3-39FDE1B444DF}
		{FA43C5F8-CF14-476B-B147-5A1412B54CAB} = {8047E8B5-4505-49E7-8C01-5C5FCB7B5681}
		{27E1501C-F6CF-4D88-AFD3-64AB4F573D8D} = {8047E8B5-4505-49E7-8C01-5C5FCB7B5681}
		{5E77E9F0-95F0-47E7-BEDA-4DDCC2C9DBD4} = {8047E8B5-4505-49E7-8C01-5C5FCB7B5681}
		{4E44028E-F87A-4C11-B953-F104DE7E36F2} = {8047E8B5-4505-49E7-8C01-5C5FCB7B5681}
		{3E1FF6DA-ABD3-4B46-AA6A-C1694BD715C7} = {8047E8B5-4505-49E7-8C01-5C5FCB7B5681}
		{E434E435-DC13-4115-995C-22C40212161F} = {D4C1B3D4-A75F-4D7F-8BD3-39FDE1B444DF}
		{97528206-2EA7-43F1-AE70-C094D4659101} = {D4C1B3D4-A75F-4D7F-8BD3-39FDE1B444DF}
		{2C3BAD19-23FC-4178-81B2-CC707F0F7445} = {D4C1B3D4-A75F-4D7F-8BD3-39FDE1B444DF}
		{AE93F6BF-87CC-420D-B14A-2F5B369DEFD0} = {E5CC5DF3-1551-49F0-B308-B80143E7ABE0}
		{315302FA-E6D2-4BD4-9F51-896DB765A623} = {AE93F6BF-87CC-420D-B14A-2F5B369DEFD0}
		{263EC4C9-C984-4562-8818-37489F8318C9} = {663B3F62-62DA-4B0D-81CA-156013D0C93C}
		{9C67E16B-823D-491C-9EF6-770AEF4438C0} = {01ED85ED-F3CF-4D12-B85F-ED8F8FEDECB6}
		{49293FBD-F783-4C18-9828-FEA3CBBA0696} = {4E76F09A-698A-4CF7-8552-A662C93EF30C}
		{389C75F1-6EBC-4230-88E5-2C4565E36CAA} = {01ED85ED-F3CF-4D12-B85F-ED8F8FEDECB6}
		{55963518-D86B-4C80-B0AA-F3AA23FD3F7D} = {AE93F6BF-87CC-420D-B14A-2F5B369DEFD0}
	EndGlobalSection
	GlobalSection(ExtensibilityGlobals) = postSolution
		SolutionGuid = {0A1D7674-6D93-4A13-929B-2C95E28C8C38}
	EndGlobalSection
EndGlobal
