
Microsoft Visual Studio Solution File, Format Version 12.00
# Visual Studio Version 16
VisualStudioVersion = 16.0.29215.179
MinimumVisualStudioVersion = 10.0.40219.1
Project("{2150E333-8FDC-42A3-9474-1A3956D46DE8}") = "src", "src", "{E5CC5DF3-1551-49F0-B308-B80143E7ABE0}"
EndProject
Project("{2150E333-8FDC-42A3-9474-1A3956D46DE8}") = "samples", "samples", "{99337274-FAB8-4358-81BB-3736EE2CCDE6}"
EndProject
Project("{2150E333-8FDC-42A3-9474-1A3956D46DE8}") = "tests", "tests", "{5915362C-8F1B-4574-92D4-BEF2B1968A17}"
EndProject
Project("{2150E333-8FDC-42A3-9474-1A3956D46DE8}") = "docs", "docs", "{3206DBB4-A417-4EEB-A216-4918AD56C9B5}"
	ProjectSection(SolutionItems) = preProject
		README.md = README.md
	EndProjectSection
EndProject
Project("{2150E333-8FDC-42A3-9474-1A3956D46DE8}") = "Solution Items", "Solution Items", "{AC01CBF6-BF4A-4F67-BCD6-CB0AC61D52A4}"
	ProjectSection(SolutionItems) = preProject
		.gitattributes = .gitattributes
		.gitignore = .gitignore
		Directory.Build.props = Directory.Build.props
		NuGet.Config = NuGet.Config
	EndProjectSection
EndProject
Project("{2150E333-8FDC-42A3-9474-1A3956D46DE8}") = "unit", "unit", "{01ED85ED-F3CF-4D12-B85F-ED8F8FEDECB6}"
EndProject
Project("{2150E333-8FDC-42A3-9474-1A3956D46DE8}") = "release-notes", "release-notes", "{6683488A-3D9A-4408-8DC2-DFA2E318A178}"
	ProjectSection(SolutionItems) = preProject
		release-notes\README.md = release-notes\README.md
	EndProjectSection
EndProject
Project("{9A19103F-16F7-4668-BE54-9A1E7A4F7556}") = "GiG.Core.Logging.Sample", "samples\GiG.Core.Logging.Sample\GiG.Core.Logging.Sample.csproj", "{25BFD54E-1985-48F5-88BD-0D52F3535284}"
EndProject
Project("{9A19103F-16F7-4668-BE54-9A1E7A4F7556}") = "GiG.Core.Extensions.Logging", "src\GiG.Core.Extensions.Logging\GiG.Core.Extensions.Logging.csproj", "{76A8984C-9850-44E0-AB6E-4BC576ECAAA4}"
EndProject
Project("{2150E333-8FDC-42A3-9474-1A3956D46DE8}") = "2.0", "2.0", "{0305263F-4F1E-4C91-B90F-3F3268F69142}"
	ProjectSection(SolutionItems) = preProject
		release-notes\2.0\2.0.0.md = release-notes\2.0\2.0.0.md
	EndProjectSection
EndProject
Project("{9A19103F-16F7-4668-BE54-9A1E7A4F7556}") = "GiG.Core.Extensions.Configuration", "src\GiG.Core.Extensions.Configuration\GiG.Core.Extensions.Configuration.csproj", "{CDCD9B6F-62E6-4F37-8758-24BD6C567D93}"
EndProject
Project("{2150E333-8FDC-42A3-9474-1A3956D46DE8}") = "GiG.Core.Web.Sample", "GiG.Core.Web.Sample", "{A599F81C-4703-4DA5-8748-729DCD42BED5}"
EndProject
Project("{2150E333-8FDC-42A3-9474-1A3956D46DE8}") = "integration", "integration", "{4E76F09A-698A-4CF7-8552-A662C93EF30C}"
EndProject
Project("{2150E333-8FDC-42A3-9474-1A3956D46DE8}") = "src", "src", "{6D384490-FFA2-4013-AD75-AD09E8346C14}"
EndProject
Project("{9A19103F-16F7-4668-BE54-9A1E7A4F7556}") = "GiG.Core.Extensions.Configuration.Tests.Integration", "tests\integration\GiG.Core.Extensions.Configuration.Tests.Integration\GiG.Core.Extensions.Configuration.Tests.Integration.csproj", "{036F11C4-D05B-4E08-8B93-2B60C02E5837}"
EndProject
Project("{9A19103F-16F7-4668-BE54-9A1E7A4F7556}") = "GiG.Core.Web.Sample", "samples\GiG.Core.Web.Sample\src\GiG.Core.Web.Sample\GiG.Core.Web.Sample.csproj", "{C2E61B7C-1CC5-414E-A46C-9F8CE9919E80}"
EndProject
Project("{2150E333-8FDC-42A3-9474-1A3956D46DE8}") = "tests", "tests", "{3F693F27-9C78-4824-A4A5-81622F9E551B}"
EndProject
Project("{2150E333-8FDC-42A3-9474-1A3956D46DE8}") = "component", "component", "{73E3D18B-ABA8-469D-BB19-5C87F607E3CF}"
EndProject
Project("{9A19103F-16F7-4668-BE54-9A1E7A4F7556}") = "GiG.Core.Web.Sample.Tests.Component", "samples\GiG.Core.Web.Sample\tests\component\GiG.Core.Web.Sample.Tests.Component\GiG.Core.Web.Sample.Tests.Component.csproj", "{72FFFFCF-7748-416B-8084-0F1906F6EE4D}"
EndProject
Project("{E53339B2-1760-4266-BCC7-CA923CBCF16C}") = "docker-compose", "docker-compose.dcproj", "{3F673C64-3C05-45DB-9256-C085025BA286}"
EndProject
Project("{9A19103F-16F7-4668-BE54-9A1E7A4F7556}") = "GiG.Core.DistributedTracing.Abstractions", "src\GiG.Core.DistributedTracing.Abstractions\GiG.Core.DistributedTracing.Abstractions.csproj", "{BE594F54-E2A3-4B26-9D1F-54758CB7F2C0}"
EndProject
Project("{9A19103F-16F7-4668-BE54-9A1E7A4F7556}") = "GiG.Core.DistributedTracing.Web", "src\GiG.Core.DistributedTracing.Web\GiG.Core.DistributedTracing.Web.csproj", "{CBF3F986-453A-47B2-8AC9-173A7933D7C5}"
EndProject
Project("{9A19103F-16F7-4668-BE54-9A1E7A4F7556}") = "GiG.Core.Extensions.DistributedTracing.Web", "src\GiG.Core.Extensions.DistributedTracing.Web\GiG.Core.Extensions.DistributedTracing.Web.csproj", "{4FC513EB-738D-4923-97AC-6026CF685676}"
EndProject
Project("{FAE04EC0-301F-11D3-BF4B-00C04F79EFBC}") = "GiG.Core.DistributedTracing.Web.Tests.Integration", "tests\integration\GiG.Core.DistributedTracing.Web.Tests.Integration\GiG.Core.DistributedTracing.Web.Tests.Integration.csproj", "{BFD7DBD0-E549-4652-AEBD-F33F6279C059}"
EndProject
Project("{FAE04EC0-301F-11D3-BF4B-00C04F79EFBC}") = "GiG.Core.Extensions.Logging.Enrichers", "src\GiG.Core.Extensions.Logging.Enrichers\GiG.Core.Extensions.Logging.Enrichers.csproj", "{3097BFFD-7910-4953-B506-7DBB606DA22A}"
EndProject
Global
	GlobalSection(SolutionConfigurationPlatforms) = preSolution
		Debug|Any CPU = Debug|Any CPU
		Release|Any CPU = Release|Any CPU
	EndGlobalSection
	GlobalSection(ProjectConfigurationPlatforms) = postSolution
		{25BFD54E-1985-48F5-88BD-0D52F3535284}.Debug|Any CPU.ActiveCfg = Debug|Any CPU
		{25BFD54E-1985-48F5-88BD-0D52F3535284}.Debug|Any CPU.Build.0 = Debug|Any CPU
		{25BFD54E-1985-48F5-88BD-0D52F3535284}.Release|Any CPU.ActiveCfg = Release|Any CPU
		{25BFD54E-1985-48F5-88BD-0D52F3535284}.Release|Any CPU.Build.0 = Release|Any CPU
		{76A8984C-9850-44E0-AB6E-4BC576ECAAA4}.Debug|Any CPU.ActiveCfg = Debug|Any CPU
		{76A8984C-9850-44E0-AB6E-4BC576ECAAA4}.Debug|Any CPU.Build.0 = Debug|Any CPU
		{76A8984C-9850-44E0-AB6E-4BC576ECAAA4}.Release|Any CPU.ActiveCfg = Release|Any CPU
		{76A8984C-9850-44E0-AB6E-4BC576ECAAA4}.Release|Any CPU.Build.0 = Release|Any CPU
		{CDCD9B6F-62E6-4F37-8758-24BD6C567D93}.Debug|Any CPU.ActiveCfg = Debug|Any CPU
		{CDCD9B6F-62E6-4F37-8758-24BD6C567D93}.Debug|Any CPU.Build.0 = Debug|Any CPU
		{CDCD9B6F-62E6-4F37-8758-24BD6C567D93}.Release|Any CPU.ActiveCfg = Release|Any CPU
		{CDCD9B6F-62E6-4F37-8758-24BD6C567D93}.Release|Any CPU.Build.0 = Release|Any CPU
		{036F11C4-D05B-4E08-8B93-2B60C02E5837}.Debug|Any CPU.ActiveCfg = Debug|Any CPU
		{036F11C4-D05B-4E08-8B93-2B60C02E5837}.Debug|Any CPU.Build.0 = Debug|Any CPU
		{036F11C4-D05B-4E08-8B93-2B60C02E5837}.Release|Any CPU.ActiveCfg = Release|Any CPU
		{036F11C4-D05B-4E08-8B93-2B60C02E5837}.Release|Any CPU.Build.0 = Release|Any CPU
		{C2E61B7C-1CC5-414E-A46C-9F8CE9919E80}.Debug|Any CPU.ActiveCfg = Debug|Any CPU
		{C2E61B7C-1CC5-414E-A46C-9F8CE9919E80}.Debug|Any CPU.Build.0 = Debug|Any CPU
		{C2E61B7C-1CC5-414E-A46C-9F8CE9919E80}.Release|Any CPU.ActiveCfg = Release|Any CPU
		{C2E61B7C-1CC5-414E-A46C-9F8CE9919E80}.Release|Any CPU.Build.0 = Release|Any CPU
		{72FFFFCF-7748-416B-8084-0F1906F6EE4D}.Debug|Any CPU.ActiveCfg = Debug|Any CPU
		{72FFFFCF-7748-416B-8084-0F1906F6EE4D}.Debug|Any CPU.Build.0 = Debug|Any CPU
		{72FFFFCF-7748-416B-8084-0F1906F6EE4D}.Release|Any CPU.ActiveCfg = Release|Any CPU
		{72FFFFCF-7748-416B-8084-0F1906F6EE4D}.Release|Any CPU.Build.0 = Release|Any CPU
		{3F673C64-3C05-45DB-9256-C085025BA286}.Debug|Any CPU.ActiveCfg = Debug|Any CPU
		{3F673C64-3C05-45DB-9256-C085025BA286}.Debug|Any CPU.Build.0 = Debug|Any CPU
		{3F673C64-3C05-45DB-9256-C085025BA286}.Release|Any CPU.ActiveCfg = Release|Any CPU
		{3F673C64-3C05-45DB-9256-C085025BA286}.Release|Any CPU.Build.0 = Release|Any CPU
		{BE594F54-E2A3-4B26-9D1F-54758CB7F2C0}.Debug|Any CPU.ActiveCfg = Debug|Any CPU
		{BE594F54-E2A3-4B26-9D1F-54758CB7F2C0}.Debug|Any CPU.Build.0 = Debug|Any CPU
		{BE594F54-E2A3-4B26-9D1F-54758CB7F2C0}.Release|Any CPU.ActiveCfg = Release|Any CPU
		{BE594F54-E2A3-4B26-9D1F-54758CB7F2C0}.Release|Any CPU.Build.0 = Release|Any CPU
		{CBF3F986-453A-47B2-8AC9-173A7933D7C5}.Debug|Any CPU.ActiveCfg = Debug|Any CPU
		{CBF3F986-453A-47B2-8AC9-173A7933D7C5}.Debug|Any CPU.Build.0 = Debug|Any CPU
		{CBF3F986-453A-47B2-8AC9-173A7933D7C5}.Release|Any CPU.ActiveCfg = Release|Any CPU
		{CBF3F986-453A-47B2-8AC9-173A7933D7C5}.Release|Any CPU.Build.0 = Release|Any CPU
		{4FC513EB-738D-4923-97AC-6026CF685676}.Debug|Any CPU.ActiveCfg = Debug|Any CPU
		{4FC513EB-738D-4923-97AC-6026CF685676}.Debug|Any CPU.Build.0 = Debug|Any CPU
		{4FC513EB-738D-4923-97AC-6026CF685676}.Release|Any CPU.ActiveCfg = Release|Any CPU
		{4FC513EB-738D-4923-97AC-6026CF685676}.Release|Any CPU.Build.0 = Release|Any CPU
		{BFD7DBD0-E549-4652-AEBD-F33F6279C059}.Debug|Any CPU.ActiveCfg = Debug|Any CPU
		{BFD7DBD0-E549-4652-AEBD-F33F6279C059}.Debug|Any CPU.Build.0 = Debug|Any CPU
		{BFD7DBD0-E549-4652-AEBD-F33F6279C059}.Release|Any CPU.ActiveCfg = Release|Any CPU
		{BFD7DBD0-E549-4652-AEBD-F33F6279C059}.Release|Any CPU.Build.0 = Release|Any CPU
		{3097BFFD-7910-4953-B506-7DBB606DA22A}.Debug|Any CPU.ActiveCfg = Debug|Any CPU
		{3097BFFD-7910-4953-B506-7DBB606DA22A}.Debug|Any CPU.Build.0 = Debug|Any CPU
		{3097BFFD-7910-4953-B506-7DBB606DA22A}.Release|Any CPU.ActiveCfg = Release|Any CPU
		{3097BFFD-7910-4953-B506-7DBB606DA22A}.Release|Any CPU.Build.0 = Release|Any CPU
	EndGlobalSection
	GlobalSection(SolutionProperties) = preSolution
		HideSolutionNode = FALSE
	EndGlobalSection
	GlobalSection(NestedProjects) = preSolution
		{01ED85ED-F3CF-4D12-B85F-ED8F8FEDECB6} = {5915362C-8F1B-4574-92D4-BEF2B1968A17}
		{25BFD54E-1985-48F5-88BD-0D52F3535284} = {99337274-FAB8-4358-81BB-3736EE2CCDE6}
		{76A8984C-9850-44E0-AB6E-4BC576ECAAA4} = {E5CC5DF3-1551-49F0-B308-B80143E7ABE0}
		{0305263F-4F1E-4C91-B90F-3F3268F69142} = {6683488A-3D9A-4408-8DC2-DFA2E318A178}
		{CDCD9B6F-62E6-4F37-8758-24BD6C567D93} = {E5CC5DF3-1551-49F0-B308-B80143E7ABE0}
		{A599F81C-4703-4DA5-8748-729DCD42BED5} = {99337274-FAB8-4358-81BB-3736EE2CCDE6}
		{4E76F09A-698A-4CF7-8552-A662C93EF30C} = {5915362C-8F1B-4574-92D4-BEF2B1968A17}
		{6D384490-FFA2-4013-AD75-AD09E8346C14} = {A599F81C-4703-4DA5-8748-729DCD42BED5}
		{036F11C4-D05B-4E08-8B93-2B60C02E5837} = {4E76F09A-698A-4CF7-8552-A662C93EF30C}
		{C2E61B7C-1CC5-414E-A46C-9F8CE9919E80} = {6D384490-FFA2-4013-AD75-AD09E8346C14}
		{3F693F27-9C78-4824-A4A5-81622F9E551B} = {A599F81C-4703-4DA5-8748-729DCD42BED5}
		{73E3D18B-ABA8-469D-BB19-5C87F607E3CF} = {3F693F27-9C78-4824-A4A5-81622F9E551B}
		{72FFFFCF-7748-416B-8084-0F1906F6EE4D} = {73E3D18B-ABA8-469D-BB19-5C87F607E3CF}
		{BE594F54-E2A3-4B26-9D1F-54758CB7F2C0} = {E5CC5DF3-1551-49F0-B308-B80143E7ABE0}
		{CBF3F986-453A-47B2-8AC9-173A7933D7C5} = {E5CC5DF3-1551-49F0-B308-B80143E7ABE0}
		{4FC513EB-738D-4923-97AC-6026CF685676} = {E5CC5DF3-1551-49F0-B308-B80143E7ABE0}
		{BFD7DBD0-E549-4652-AEBD-F33F6279C059} = {4E76F09A-698A-4CF7-8552-A662C93EF30C}
		{3097BFFD-7910-4953-B506-7DBB606DA22A} = {E5CC5DF3-1551-49F0-B308-B80143E7ABE0}
	EndGlobalSection
	GlobalSection(ExtensibilityGlobals) = postSolution
		SolutionGuid = {0A1D7674-6D93-4A13-929B-2C95E28C8C38}
	EndGlobalSection
EndGlobal
